PODS:
  - Crashlytics (3.10.4):
    - Fabric (~> 1.7.9)
  - Fabric (1.7.9)
  - SDWebImage (4.4.1):
    - SDWebImage/Core (= 4.4.1)
  - SDWebImage/Core (4.4.1)
  - ViewAnimator (2.1.1)

DEPENDENCIES:
  - Crashlytics
  - Fabric
  - SDWebImage
  - ViewAnimator

SPEC REPOS:
  https://github.com/cocoapods/specs.git:
    - Crashlytics
    - Fabric
    - SDWebImage
    - ViewAnimator

SPEC CHECKSUMS:
  Crashlytics: 915a7787b84f635fb2a81f92a90e265c2c413f76
  Fabric: a2917d3895e4c1569b9c3170de7320ea1b1e6661
  SDWebImage: 47e9b5b925cbce75946c23f0c42dd19464189af4
  ViewAnimator: 43c31539508d995ea2c5e98338211f7c009b358f

PODFILE CHECKSUM: b2bb471c3a48a5612aa1cc6bda359fddd1156cbc

COCOAPODS: 1.5.3
