PODS:
  - SDWebImage (3.8.2):
    - SDWebImage/Core (= 3.8.2)
  - SDWebImage/Core (3.8.2)
  - SwiftyJSON (3.1.1)

DEPENDENCIES:
  - SDWebImage
  - SwiftyJSON (= 3.1.1)

SPEC CHECKSUMS:
  SDWebImage: 098e97e6176540799c27e804c96653ee0833d13c
  SwiftyJSON: f0be2e604f83e8405a624e9f891898bf6ed4e019

PODFILE CHECKSUM: b40cd3fadd6098f43425434bb5e7fe8ac9886815

COCOAPODS: 1.1.1
