// !$*UTF8*$!
{
	archiveVersion = 1;
	classes = {
	};
	objectVersion = 46;
	objects = {

/* Begin PBXBuildFile section */
		133B125AD494C219DB3B0255 /* Pods_Canillitapp.framework in Frameworks */ = {isa = PBXBuildFile; fileRef = 1E364D941A8F5CACBFF8FD34 /* Pods_Canillitapp.framework */; };
		43CC643D1EBBE7E90066D49E /* OrientationAwareControllers.swift in Sources */ = {isa = PBXBuildFile; fileRef = 43CC643C1EBBE7E90066D49E /* OrientationAwareControllers.swift */; };
		43CC643E1EBBE7E90066D49E /* OrientationAwareControllers.swift in Sources */ = {isa = PBXBuildFile; fileRef = 43CC643C1EBBE7E90066D49E /* OrientationAwareControllers.swift */; };
		43CC643F1EBBE7E90066D49E /* OrientationAwareControllers.swift in Sources */ = {isa = PBXBuildFile; fileRef = 43CC643C1EBBE7E90066D49E /* OrientationAwareControllers.swift */; };
		597E81BAC05CC01C523956BE /* Pods_Watch_Extension.framework in Frameworks */ = {isa = PBXBuildFile; fileRef = E7CA813EE9F2943ACC02746E /* Pods_Watch_Extension.framework */; };
		670B793E1F4CE7F000C485A9 /* PopularNewsDataSource.swift in Sources */ = {isa = PBXBuildFile; fileRef = 670B793D1F4CE7F000C485A9 /* PopularNewsDataSource.swift */; };
		670B79401F4CE8A100C485A9 /* PopularNewsDataSourceTests.swift in Sources */ = {isa = PBXBuildFile; fileRef = 670B793F1F4CE8A100C485A9 /* PopularNewsDataSourceTests.swift */; };
		670C0A651EE7BE8300C40338 /* Rubik-Light.ttf in Resources */ = {isa = PBXBuildFile; fileRef = 670C0A621EE7BE8300C40338 /* Rubik-Light.ttf */; };
		670C0A661EE7BE8300C40338 /* Rubik-Medium.ttf in Resources */ = {isa = PBXBuildFile; fileRef = 670C0A631EE7BE8300C40338 /* Rubik-Medium.ttf */; };
		670C0A671EE7BE8300C40338 /* Rubik-Regular.ttf in Resources */ = {isa = PBXBuildFile; fileRef = 670C0A641EE7BE8300C40338 /* Rubik-Regular.ttf */; };
		670D2C7C1DDC09D000237C39 /* NewsTableViewCell.swift in Sources */ = {isa = PBXBuildFile; fileRef = 670D2C7B1DDC09D000237C39 /* NewsTableViewCell.swift */; };
		671266011F4CEDB60005CF4B /* News.storyboard in Resources */ = {isa = PBXBuildFile; fileRef = 671265FF1F4CEDB60005CF4B /* News.storyboard */; };
		671266041F4CEEBE0005CF4B /* MyReactions.storyboard in Resources */ = {isa = PBXBuildFile; fileRef = 671266021F4CEEBE0005CF4B /* MyReactions.storyboard */; };
		671266071F4CEF0C0005CF4B /* Trending.storyboard in Resources */ = {isa = PBXBuildFile; fileRef = 671266051F4CEF0C0005CF4B /* Trending.storyboard */; };
		671266091F4CEF980005CF4B /* InitialTabBarController.swift in Sources */ = {isa = PBXBuildFile; fileRef = 671266081F4CEF980005CF4B /* InitialTabBarController.swift */; };
		6712661D1F4D08C10005CF4B /* HeadlinesMockedUITests.swift in Sources */ = {isa = PBXBuildFile; fileRef = 6712661C1F4D08C10005CF4B /* HeadlinesMockedUITests.swift */; };
		6712661F1F4D30610005CF4B /* GET-search.json in Resources */ = {isa = PBXBuildFile; fileRef = 6712661E1F4D30610005CF4B /* GET-search.json */; };
		6719DA631D6D143E00D1E214 /* Interface.storyboard in Resources */ = {isa = PBXBuildFile; fileRef = 6719DA611D6D143E00D1E214 /* Interface.storyboard */; };
		6719DA651D6D143E00D1E214 /* Assets.xcassets in Resources */ = {isa = PBXBuildFile; fileRef = 6719DA641D6D143E00D1E214 /* Assets.xcassets */; };
		6719DA6C1D6D143E00D1E214 /* Watch Extension.appex in Embed App Extensions */ = {isa = PBXBuildFile; fileRef = 6719DA6B1D6D143E00D1E214 /* Watch Extension.appex */; settings = {ATTRIBUTES = (RemoveHeadersOnCopy, ); }; };
		6719DA731D6D143E00D1E214 /* ExtensionDelegate.swift in Sources */ = {isa = PBXBuildFile; fileRef = 6719DA721D6D143E00D1E214 /* ExtensionDelegate.swift */; };
		6719DA751D6D143E00D1E214 /* Assets.xcassets in Resources */ = {isa = PBXBuildFile; fileRef = 6719DA741D6D143E00D1E214 /* Assets.xcassets */; };
		6719DA791D6D143E00D1E214 /* Watch.app in Embed Watch Content */ = {isa = PBXBuildFile; fileRef = 6719DA5F1D6D143E00D1E214 /* Watch.app */; };
		671DC3761EE35FB3000CBAF0 /* SnapshotUITests.swift in Sources */ = {isa = PBXBuildFile; fileRef = 671DC3751EE35FB3000CBAF0 /* SnapshotUITests.swift */; };
		671DC37E1EE35FC3000CBAF0 /* SnapshotHelper.swift in Sources */ = {isa = PBXBuildFile; fileRef = 671DC37D1EE35FC3000CBAF0 /* SnapshotHelper.swift */; };
		67302DD21F6DA7E500C0A01E /* UserSettingsManager.swift in Sources */ = {isa = PBXBuildFile; fileRef = 67302DD11F6DA7E500C0A01E /* UserSettingsManager.swift */; };
		6734EA611E99A97600493C86 /* ReactionsService.swift in Sources */ = {isa = PBXBuildFile; fileRef = 6734EA601E99A97600493C86 /* ReactionsService.swift */; };
		674770251E99D28E003D5AF1 /* NewsTableViewController.swift in Sources */ = {isa = PBXBuildFile; fileRef = 674770241E99D28E003D5AF1 /* NewsTableViewController.swift */; };
		6757C3071F4BD8FF0007C17F /* NewsTableViewControllerDataSource.swift in Sources */ = {isa = PBXBuildFile; fileRef = 6757C3061F4BD8FF0007C17F /* NewsTableViewControllerDataSource.swift */; };
		6757C30A1F4BDA620007C17F /* RecentNewsDataSource.swift in Sources */ = {isa = PBXBuildFile; fileRef = 6757C3091F4BDA620007C17F /* RecentNewsDataSource.swift */; };
		6757C30C1F4BE0810007C17F /* RecentNewsDataSourceTests.swift in Sources */ = {isa = PBXBuildFile; fileRef = 6757C30B1F4BE0810007C17F /* RecentNewsDataSourceTests.swift */; };
		675A81E01D6BF6E8000DC680 /* AppDelegate.swift in Sources */ = {isa = PBXBuildFile; fileRef = 675A81DF1D6BF6E8000DC680 /* AppDelegate.swift */; };
		675A81E71D6BF6E8000DC680 /* Main.storyboard in Resources */ = {isa = PBXBuildFile; fileRef = 675A81E51D6BF6E8000DC680 /* Main.storyboard */; };
		675A81E91D6BF6E8000DC680 /* Assets.xcassets in Resources */ = {isa = PBXBuildFile; fileRef = 675A81E81D6BF6E8000DC680 /* Assets.xcassets */; };
		675A81EC1D6BF6E8000DC680 /* LaunchScreen.storyboard in Resources */ = {isa = PBXBuildFile; fileRef = 675A81EA1D6BF6E8000DC680 /* LaunchScreen.storyboard */; };
		675A82021D6BF6E8000DC680 /* HeadlinesUITests.swift in Sources */ = {isa = PBXBuildFile; fileRef = 675A82011D6BF6E8000DC680 /* HeadlinesUITests.swift */; };
		67617F801F6CB2C200674320 /* DimPresentAnimationController.swift in Sources */ = {isa = PBXBuildFile; fileRef = 67617F7F1F6CB2C200674320 /* DimPresentAnimationController.swift */; };
		676E1C1E1EECA68400EC71A5 /* GET-popular.json in Resources */ = {isa = PBXBuildFile; fileRef = 676E1C1D1EECA68400EC71A5 /* GET-popular.json */; };
		676E1C201EECA7EB00EC71A5 /* GET-recent.json in Resources */ = {isa = PBXBuildFile; fileRef = 676E1C1F1EECA7EB00EC71A5 /* GET-recent.json */; };
		677392C31F6B42CE0076E8BB /* DynamicHeightCollectionView.swift in Sources */ = {isa = PBXBuildFile; fileRef = 677392C21F6B42CE0076E8BB /* DynamicHeightCollectionView.swift */; };
		6775419C1EF234A30034FABD /* Settings.bundle in Resources */ = {isa = PBXBuildFile; fileRef = 6775419B1EF234A30034FABD /* Settings.bundle */; };
		677AE3461D6E7D0E00CD710D /* NewsInterfaceController.swift in Sources */ = {isa = PBXBuildFile; fileRef = 677AE3451D6E7D0E00CD710D /* NewsInterfaceController.swift */; };
		677AE3481D6E7FE900CD710D /* NewsRowController.swift in Sources */ = {isa = PBXBuildFile; fileRef = 677AE3471D6E7FE900CD710D /* NewsRowController.swift */; };
		67897EB21EA70B2B0084F598 /* CloudKit.framework in Frameworks */ = {isa = PBXBuildFile; fileRef = 67897EB11EA70B2B0084F598 /* CloudKit.framework */; };
		678A17441F4A1D9F00D84793 /* Reactions.storyboard in Resources */ = {isa = PBXBuildFile; fileRef = 678A17421F4A1D9F00D84793 /* Reactions.storyboard */; };
		6797F8AC1EE4B38E00B8EAA5 /* ConfigHelper.swift in Sources */ = {isa = PBXBuildFile; fileRef = 6797F8A41EE4B38E00B8EAA5 /* ConfigHelper.swift */; };
		6797F8AD1EE4B38E00B8EAA5 /* ConfigHelper.swift in Sources */ = {isa = PBXBuildFile; fileRef = 6797F8A41EE4B38E00B8EAA5 /* ConfigHelper.swift */; };
		6797F8AE1EE4B38E00B8EAA5 /* News.swift in Sources */ = {isa = PBXBuildFile; fileRef = 6797F8A61EE4B38E00B8EAA5 /* News.swift */; };
		6797F8AF1EE4B38E00B8EAA5 /* News.swift in Sources */ = {isa = PBXBuildFile; fileRef = 6797F8A61EE4B38E00B8EAA5 /* News.swift */; };
		6797F8B01EE4B38E00B8EAA5 /* Reaction.swift in Sources */ = {isa = PBXBuildFile; fileRef = 6797F8A71EE4B38E00B8EAA5 /* Reaction.swift */; };
		6797F8B11EE4B38E00B8EAA5 /* Reaction.swift in Sources */ = {isa = PBXBuildFile; fileRef = 6797F8A71EE4B38E00B8EAA5 /* Reaction.swift */; };
		6797F8B21EE4B38E00B8EAA5 /* Topic.swift in Sources */ = {isa = PBXBuildFile; fileRef = 6797F8A81EE4B38E00B8EAA5 /* Topic.swift */; };
		6797F8B31EE4B38E00B8EAA5 /* Topic.swift in Sources */ = {isa = PBXBuildFile; fileRef = 6797F8A81EE4B38E00B8EAA5 /* Topic.swift */; };
		6797F8B41EE4B38E00B8EAA5 /* HTTPService.swift in Sources */ = {isa = PBXBuildFile; fileRef = 6797F8AA1EE4B38E00B8EAA5 /* HTTPService.swift */; };
		6797F8B51EE4B38E00B8EAA5 /* HTTPService.swift in Sources */ = {isa = PBXBuildFile; fileRef = 6797F8AA1EE4B38E00B8EAA5 /* HTTPService.swift */; };
		6797F8B61EE4B38E00B8EAA5 /* NewsService.swift in Sources */ = {isa = PBXBuildFile; fileRef = 6797F8AB1EE4B38E00B8EAA5 /* NewsService.swift */; };
		6797F8B71EE4B38E00B8EAA5 /* NewsService.swift in Sources */ = {isa = PBXBuildFile; fileRef = 6797F8AB1EE4B38E00B8EAA5 /* NewsService.swift */; };
		6797F8BC1EE4D17E00B8EAA5 /* MockService.swift in Sources */ = {isa = PBXBuildFile; fileRef = 6797F8BB1EE4D17E00B8EAA5 /* MockService.swift */; };
		6797F8BD1EE4D17E00B8EAA5 /* MockService.swift in Sources */ = {isa = PBXBuildFile; fileRef = 6797F8BB1EE4D17E00B8EAA5 /* MockService.swift */; };
		6797F8C01EE4D7F700B8EAA5 /* GET-reactions.json in Resources */ = {isa = PBXBuildFile; fileRef = 6797F8BF1EE4D7F700B8EAA5 /* GET-reactions.json */; };
		6797F8C11EE4D7F700B8EAA5 /* GET-reactions.json in Resources */ = {isa = PBXBuildFile; fileRef = 6797F8BF1EE4D7F700B8EAA5 /* GET-reactions.json */; };
		6798B67C1EBAA7270079B8E1 /* config.plist in Resources */ = {isa = PBXBuildFile; fileRef = 6798B67B1EBAA7270079B8E1 /* config.plist */; };
		6798B67D1EBAA7270079B8E1 /* config.plist in Resources */ = {isa = PBXBuildFile; fileRef = 6798B67B1EBAA7270079B8E1 /* config.plist */; };
		6798B6871EBACDB70079B8E1 /* fabric.apikey in Resources */ = {isa = PBXBuildFile; fileRef = 6798B6851EBAC6260079B8E1 /* fabric.apikey */; };
		6798E8CF1D88F3390032D350 /* KeywordCollectionViewCell.swift in Sources */ = {isa = PBXBuildFile; fileRef = 6798E8CE1D88F3390032D350 /* KeywordCollectionViewCell.swift */; };
		67C3CD3D1D6D1876003CC04E /* TrendingInterfaceController.swift in Sources */ = {isa = PBXBuildFile; fileRef = 67C3CD3C1D6D1876003CC04E /* TrendingInterfaceController.swift */; };
		67C3CD3F1D6D1A68003CC04E /* TrendingRowController.swift in Sources */ = {isa = PBXBuildFile; fileRef = 67C3CD3E1D6D1A68003CC04E /* TrendingRowController.swift */; };
		67C9CF9D1EEA0E95007216FE /* GET-trending.json in Resources */ = {isa = PBXBuildFile; fileRef = 67C9CF9C1EEA0E95007216FE /* GET-trending.json */; };
		67CE08B11E9012F700D5911E /* NewsCellViewModel.swift in Sources */ = {isa = PBXBuildFile; fileRef = 67CE08B01E9012F700D5911E /* NewsCellViewModel.swift */; };
		67CE08B31E903B2D00D5911E /* ReactionPickerViewController.swift in Sources */ = {isa = PBXBuildFile; fileRef = 67CE08B21E903B2D00D5911E /* ReactionPickerViewController.swift */; };
		67CE08B51E904F2000D5911E /* ReactionCollectionViewCell.swift in Sources */ = {isa = PBXBuildFile; fileRef = 67CE08B41E904F2000D5911E /* ReactionCollectionViewCell.swift */; };
		67D434F11EB0000C001A79D8 /* MyReactionsViewController.swift in Sources */ = {isa = PBXBuildFile; fileRef = 67D434F01EB0000C001A79D8 /* MyReactionsViewController.swift */; };
		67D434F31EB01827001A79D8 /* ReactionTableViewCell.swift in Sources */ = {isa = PBXBuildFile; fileRef = 67D434F21EB01827001A79D8 /* ReactionTableViewCell.swift */; };
		67E10ACE1F637FAA009F017C /* Filter.storyboard in Resources */ = {isa = PBXBuildFile; fileRef = 67E10ACC1F637FAA009F017C /* Filter.storyboard */; };
		67E10AD01F6385FE009F017C /* FilterViewController.swift in Sources */ = {isa = PBXBuildFile; fileRef = 67E10ACF1F6385FE009F017C /* FilterViewController.swift */; };
		67E10AD21F6389C3009F017C /* FilterCollectionViewCell.swift in Sources */ = {isa = PBXBuildFile; fileRef = 67E10AD11F6389C3009F017C /* FilterCollectionViewCell.swift */; };
		67F39C1A1EB2DEE600CF99F2 /* SearchViewController.swift in Sources */ = {isa = PBXBuildFile; fileRef = 67F39C191EB2DEE600CF99F2 /* SearchViewController.swift */; };
		67FD84DE1D6BF85D00BACAFC /* TrendingCardsViewController.swift in Sources */ = {isa = PBXBuildFile; fileRef = 67FD84DA1D6BF85D00BACAFC /* TrendingCardsViewController.swift */; };
/* End PBXBuildFile section */

/* Begin PBXContainerItemProxy section */
		671266131F4D08610005CF4B /* PBXContainerItemProxy */ = {
			isa = PBXContainerItemProxy;
			containerPortal = 675A81D41D6BF6E8000DC680 /* Project object */;
			proxyType = 1;
			remoteGlobalIDString = 675A81DB1D6BF6E8000DC680;
			remoteInfo = Canillitapp;
		};
		6719DA6D1D6D143E00D1E214 /* PBXContainerItemProxy */ = {
			isa = PBXContainerItemProxy;
			containerPortal = 675A81D41D6BF6E8000DC680 /* Project object */;
			proxyType = 1;
			remoteGlobalIDString = 6719DA6A1D6D143E00D1E214;
			remoteInfo = "Watch Extension";
		};
		6719DA771D6D143E00D1E214 /* PBXContainerItemProxy */ = {
			isa = PBXContainerItemProxy;
			containerPortal = 675A81D41D6BF6E8000DC680 /* Project object */;
			proxyType = 1;
			remoteGlobalIDString = 6719DA5E1D6D143E00D1E214;
			remoteInfo = Watch;
		};
		671DC3781EE35FB3000CBAF0 /* PBXContainerItemProxy */ = {
			isa = PBXContainerItemProxy;
			containerPortal = 675A81D41D6BF6E8000DC680 /* Project object */;
			proxyType = 1;
			remoteGlobalIDString = 675A81DB1D6BF6E8000DC680;
			remoteInfo = Canillitapp;
		};
		675A81F31D6BF6E8000DC680 /* PBXContainerItemProxy */ = {
			isa = PBXContainerItemProxy;
			containerPortal = 675A81D41D6BF6E8000DC680 /* Project object */;
			proxyType = 1;
			remoteGlobalIDString = 675A81DB1D6BF6E8000DC680;
			remoteInfo = Headlines;
		};
		675A81FE1D6BF6E8000DC680 /* PBXContainerItemProxy */ = {
			isa = PBXContainerItemProxy;
			containerPortal = 675A81D41D6BF6E8000DC680 /* Project object */;
			proxyType = 1;
			remoteGlobalIDString = 675A81DB1D6BF6E8000DC680;
			remoteInfo = Headlines;
		};
/* End PBXContainerItemProxy section */

/* Begin PBXCopyFilesBuildPhase section */
		6719DA7F1D6D143E00D1E214 /* Embed App Extensions */ = {
			isa = PBXCopyFilesBuildPhase;
			buildActionMask = 2147483647;
			dstPath = "";
			dstSubfolderSpec = 13;
			files = (
				6719DA6C1D6D143E00D1E214 /* Watch Extension.appex in Embed App Extensions */,
			);
			name = "Embed App Extensions";
			runOnlyForDeploymentPostprocessing = 0;
		};
		6719DA811D6D143E00D1E214 /* Embed Watch Content */ = {
			isa = PBXCopyFilesBuildPhase;
			buildActionMask = 2147483647;
			dstPath = "$(CONTENTS_FOLDER_PATH)/Watch";
			dstSubfolderSpec = 16;
			files = (
				6719DA791D6D143E00D1E214 /* Watch.app in Embed Watch Content */,
			);
			name = "Embed Watch Content";
			runOnlyForDeploymentPostprocessing = 0;
		};
/* End PBXCopyFilesBuildPhase section */

/* Begin PBXFileReference section */
		0DF05652C0E59CFCA3F26160 /* Pods-Watch Extension.debug.xcconfig */ = {isa = PBXFileReference; includeInIndex = 1; lastKnownFileType = text.xcconfig; name = "Pods-Watch Extension.debug.xcconfig"; path = "Pods/Target Support Files/Pods-Watch Extension/Pods-Watch Extension.debug.xcconfig"; sourceTree = "<group>"; };
		1E364D941A8F5CACBFF8FD34 /* Pods_Canillitapp.framework */ = {isa = PBXFileReference; explicitFileType = wrapper.framework; includeInIndex = 0; path = Pods_Canillitapp.framework; sourceTree = BUILT_PRODUCTS_DIR; };
		43CC643C1EBBE7E90066D49E /* OrientationAwareControllers.swift */ = {isa = PBXFileReference; fileEncoding = 4; lastKnownFileType = sourcecode.swift; path = OrientationAwareControllers.swift; sourceTree = "<group>"; };
		5EA3242399336F7A8DE27E42 /* Pods-Watch Extension.release.xcconfig */ = {isa = PBXFileReference; includeInIndex = 1; lastKnownFileType = text.xcconfig; name = "Pods-Watch Extension.release.xcconfig"; path = "Pods/Target Support Files/Pods-Watch Extension/Pods-Watch Extension.release.xcconfig"; sourceTree = "<group>"; };
		670B793D1F4CE7F000C485A9 /* PopularNewsDataSource.swift */ = {isa = PBXFileReference; fileEncoding = 4; lastKnownFileType = sourcecode.swift; name = PopularNewsDataSource.swift; path = DataSources/PopularNewsDataSource.swift; sourceTree = "<group>"; };
		670B793F1F4CE8A100C485A9 /* PopularNewsDataSourceTests.swift */ = {isa = PBXFileReference; fileEncoding = 4; lastKnownFileType = sourcecode.swift; path = PopularNewsDataSourceTests.swift; sourceTree = "<group>"; };
		670C0A621EE7BE8300C40338 /* Rubik-Light.ttf */ = {isa = PBXFileReference; lastKnownFileType = file; path = "Rubik-Light.ttf"; sourceTree = "<group>"; };
		670C0A631EE7BE8300C40338 /* Rubik-Medium.ttf */ = {isa = PBXFileReference; lastKnownFileType = file; path = "Rubik-Medium.ttf"; sourceTree = "<group>"; };
		670C0A641EE7BE8300C40338 /* Rubik-Regular.ttf */ = {isa = PBXFileReference; lastKnownFileType = file; path = "Rubik-Regular.ttf"; sourceTree = "<group>"; };
		670D2C7B1DDC09D000237C39 /* NewsTableViewCell.swift */ = {isa = PBXFileReference; fileEncoding = 4; lastKnownFileType = sourcecode.swift; path = NewsTableViewCell.swift; sourceTree = "<group>"; };
		671266001F4CEDB60005CF4B /* Base */ = {isa = PBXFileReference; lastKnownFileType = file.storyboard; name = Base; path = Base.lproj/News.storyboard; sourceTree = "<group>"; };
		671266031F4CEEBE0005CF4B /* Base */ = {isa = PBXFileReference; lastKnownFileType = file.storyboard; name = Base; path = Base.lproj/MyReactions.storyboard; sourceTree = "<group>"; };
		671266061F4CEF0C0005CF4B /* Base */ = {isa = PBXFileReference; lastKnownFileType = file.storyboard; name = Base; path = Base.lproj/Trending.storyboard; sourceTree = "<group>"; };
		671266081F4CEF980005CF4B /* InitialTabBarController.swift */ = {isa = PBXFileReference; fileEncoding = 4; lastKnownFileType = sourcecode.swift; path = InitialTabBarController.swift; sourceTree = "<group>"; };
		6712660E1F4D08600005CF4B /* HeadlinesMockedUITests.xctest */ = {isa = PBXFileReference; explicitFileType = wrapper.cfbundle; includeInIndex = 0; path = HeadlinesMockedUITests.xctest; sourceTree = BUILT_PRODUCTS_DIR; };
		671266121F4D08610005CF4B /* Info.plist */ = {isa = PBXFileReference; lastKnownFileType = text.plist.xml; path = Info.plist; sourceTree = "<group>"; };
		6712661B1F4D08C10005CF4B /* HeadlinesMockedUITests-Bridging-Header.h */ = {isa = PBXFileReference; lastKnownFileType = sourcecode.c.h; path = "HeadlinesMockedUITests-Bridging-Header.h"; sourceTree = "<group>"; };
		6712661C1F4D08C10005CF4B /* HeadlinesMockedUITests.swift */ = {isa = PBXFileReference; fileEncoding = 4; lastKnownFileType = sourcecode.swift; path = HeadlinesMockedUITests.swift; sourceTree = "<group>"; };
		6712661E1F4D30610005CF4B /* GET-search.json */ = {isa = PBXFileReference; fileEncoding = 4; lastKnownFileType = text.json; path = "GET-search.json"; sourceTree = "<group>"; };
		6719DA5F1D6D143E00D1E214 /* Watch.app */ = {isa = PBXFileReference; explicitFileType = wrapper.application; includeInIndex = 0; path = Watch.app; sourceTree = BUILT_PRODUCTS_DIR; };
		6719DA621D6D143E00D1E214 /* Base */ = {isa = PBXFileReference; lastKnownFileType = file.storyboard; name = Base; path = Base.lproj/Interface.storyboard; sourceTree = "<group>"; };
		6719DA641D6D143E00D1E214 /* Assets.xcassets */ = {isa = PBXFileReference; lastKnownFileType = folder.assetcatalog; path = Assets.xcassets; sourceTree = "<group>"; };
		6719DA661D6D143E00D1E214 /* Info.plist */ = {isa = PBXFileReference; lastKnownFileType = text.plist.xml; path = Info.plist; sourceTree = "<group>"; };
		6719DA6B1D6D143E00D1E214 /* Watch Extension.appex */ = {isa = PBXFileReference; explicitFileType = "wrapper.app-extension"; includeInIndex = 0; path = "Watch Extension.appex"; sourceTree = BUILT_PRODUCTS_DIR; };
		6719DA721D6D143E00D1E214 /* ExtensionDelegate.swift */ = {isa = PBXFileReference; lastKnownFileType = sourcecode.swift; path = ExtensionDelegate.swift; sourceTree = "<group>"; };
		6719DA741D6D143E00D1E214 /* Assets.xcassets */ = {isa = PBXFileReference; lastKnownFileType = folder.assetcatalog; path = Assets.xcassets; sourceTree = "<group>"; };
		6719DA761D6D143E00D1E214 /* Info.plist */ = {isa = PBXFileReference; lastKnownFileType = text.plist.xml; path = Info.plist; sourceTree = "<group>"; };
		671DC3731EE35FB3000CBAF0 /* SnapshotUITests.xctest */ = {isa = PBXFileReference; explicitFileType = wrapper.cfbundle; includeInIndex = 0; path = SnapshotUITests.xctest; sourceTree = BUILT_PRODUCTS_DIR; };
		671DC3751EE35FB3000CBAF0 /* SnapshotUITests.swift */ = {isa = PBXFileReference; lastKnownFileType = sourcecode.swift; path = SnapshotUITests.swift; sourceTree = "<group>"; };
		671DC3771EE35FB3000CBAF0 /* Info.plist */ = {isa = PBXFileReference; lastKnownFileType = text.plist.xml; path = Info.plist; sourceTree = "<group>"; };
		671DC37D1EE35FC3000CBAF0 /* SnapshotHelper.swift */ = {isa = PBXFileReference; fileEncoding = 4; lastKnownFileType = sourcecode.swift; name = SnapshotHelper.swift; path = fastlane/SnapshotHelper.swift; sourceTree = SOURCE_ROOT; };
		67302DD11F6DA7E500C0A01E /* UserSettingsManager.swift */ = {isa = PBXFileReference; fileEncoding = 4; lastKnownFileType = sourcecode.swift; name = UserSettingsManager.swift; path = src/Managers/UserSettingsManager.swift; sourceTree = "<group>"; };
		6734EA601E99A97600493C86 /* ReactionsService.swift */ = {isa = PBXFileReference; fileEncoding = 4; lastKnownFileType = sourcecode.swift; name = ReactionsService.swift; path = Services/ReactionsService.swift; sourceTree = "<group>"; };
		674770241E99D28E003D5AF1 /* NewsTableViewController.swift */ = {isa = PBXFileReference; fileEncoding = 4; lastKnownFileType = sourcecode.swift; path = NewsTableViewController.swift; sourceTree = "<group>"; };
		6757C3061F4BD8FF0007C17F /* NewsTableViewControllerDataSource.swift */ = {isa = PBXFileReference; fileEncoding = 4; lastKnownFileType = sourcecode.swift; name = NewsTableViewControllerDataSource.swift; path = DataSources/NewsTableViewControllerDataSource.swift; sourceTree = "<group>"; };
		6757C3091F4BDA620007C17F /* RecentNewsDataSource.swift */ = {isa = PBXFileReference; fileEncoding = 4; lastKnownFileType = sourcecode.swift; name = RecentNewsDataSource.swift; path = DataSources/RecentNewsDataSource.swift; sourceTree = "<group>"; };
		6757C30B1F4BE0810007C17F /* RecentNewsDataSourceTests.swift */ = {isa = PBXFileReference; fileEncoding = 4; lastKnownFileType = sourcecode.swift; path = RecentNewsDataSourceTests.swift; sourceTree = "<group>"; };
		675A81DC1D6BF6E8000DC680 /* Canillitapp.app */ = {isa = PBXFileReference; explicitFileType = wrapper.application; includeInIndex = 0; path = Canillitapp.app; sourceTree = BUILT_PRODUCTS_DIR; };
		675A81DF1D6BF6E8000DC680 /* AppDelegate.swift */ = {isa = PBXFileReference; lastKnownFileType = sourcecode.swift; path = AppDelegate.swift; sourceTree = "<group>"; };
		675A81E61D6BF6E8000DC680 /* Base */ = {isa = PBXFileReference; lastKnownFileType = file.storyboard; name = Base; path = Base.lproj/Main.storyboard; sourceTree = "<group>"; };
		675A81E81D6BF6E8000DC680 /* Assets.xcassets */ = {isa = PBXFileReference; lastKnownFileType = folder.assetcatalog; path = Assets.xcassets; sourceTree = "<group>"; };
		675A81EB1D6BF6E8000DC680 /* Base */ = {isa = PBXFileReference; lastKnownFileType = file.storyboard; name = Base; path = Base.lproj/LaunchScreen.storyboard; sourceTree = "<group>"; };
		675A81ED1D6BF6E8000DC680 /* Info.plist */ = {isa = PBXFileReference; lastKnownFileType = text.plist.xml; path = Info.plist; sourceTree = "<group>"; };
		675A81F21D6BF6E8000DC680 /* HeadlinesTests.xctest */ = {isa = PBXFileReference; explicitFileType = wrapper.cfbundle; includeInIndex = 0; path = HeadlinesTests.xctest; sourceTree = BUILT_PRODUCTS_DIR; };
		675A81F81D6BF6E8000DC680 /* Info.plist */ = {isa = PBXFileReference; lastKnownFileType = text.plist.xml; path = Info.plist; sourceTree = "<group>"; };
		675A81FD1D6BF6E8000DC680 /* HeadlinesUITests.xctest */ = {isa = PBXFileReference; explicitFileType = wrapper.cfbundle; includeInIndex = 0; path = HeadlinesUITests.xctest; sourceTree = BUILT_PRODUCTS_DIR; };
		675A82011D6BF6E8000DC680 /* HeadlinesUITests.swift */ = {isa = PBXFileReference; lastKnownFileType = sourcecode.swift; path = HeadlinesUITests.swift; sourceTree = "<group>"; };
		675A82031D6BF6E8000DC680 /* Info.plist */ = {isa = PBXFileReference; lastKnownFileType = text.plist.xml; path = Info.plist; sourceTree = "<group>"; };
		67617F7F1F6CB2C200674320 /* DimPresentAnimationController.swift */ = {isa = PBXFileReference; fileEncoding = 4; lastKnownFileType = sourcecode.swift; name = DimPresentAnimationController.swift; path = Animators/DimPresentAnimationController.swift; sourceTree = "<group>"; };
		676E1C1D1EECA68400EC71A5 /* GET-popular.json */ = {isa = PBXFileReference; fileEncoding = 4; lastKnownFileType = text.json; path = "GET-popular.json"; sourceTree = "<group>"; };
		676E1C1F1EECA7EB00EC71A5 /* GET-recent.json */ = {isa = PBXFileReference; fileEncoding = 4; lastKnownFileType = text.json; path = "GET-recent.json"; sourceTree = "<group>"; };
		677392C21F6B42CE0076E8BB /* DynamicHeightCollectionView.swift */ = {isa = PBXFileReference; fileEncoding = 4; lastKnownFileType = sourcecode.swift; path = DynamicHeightCollectionView.swift; sourceTree = "<group>"; };
		6775419B1EF234A30034FABD /* Settings.bundle */ = {isa = PBXFileReference; lastKnownFileType = "wrapper.plug-in"; path = Settings.bundle; sourceTree = "<group>"; };
		677AE3451D6E7D0E00CD710D /* NewsInterfaceController.swift */ = {isa = PBXFileReference; fileEncoding = 4; lastKnownFileType = sourcecode.swift; path = NewsInterfaceController.swift; sourceTree = "<group>"; };
		677AE3471D6E7FE900CD710D /* NewsRowController.swift */ = {isa = PBXFileReference; fileEncoding = 4; lastKnownFileType = sourcecode.swift; path = NewsRowController.swift; sourceTree = "<group>"; };
		67897EB01EA70B280084F598 /* Headlines.entitlements */ = {isa = PBXFileReference; lastKnownFileType = text.plist.entitlements; path = Headlines.entitlements; sourceTree = "<group>"; };
		67897EB11EA70B2B0084F598 /* CloudKit.framework */ = {isa = PBXFileReference; lastKnownFileType = wrapper.framework; name = CloudKit.framework; path = System/Library/Frameworks/CloudKit.framework; sourceTree = SDKROOT; };
		678A17431F4A1D9F00D84793 /* Base */ = {isa = PBXFileReference; lastKnownFileType = file.storyboard; name = Base; path = Base.lproj/Reactions.storyboard; sourceTree = "<group>"; };
		6797F8A41EE4B38E00B8EAA5 /* ConfigHelper.swift */ = {isa = PBXFileReference; fileEncoding = 4; lastKnownFileType = sourcecode.swift; path = ConfigHelper.swift; sourceTree = "<group>"; };
		6797F8A61EE4B38E00B8EAA5 /* News.swift */ = {isa = PBXFileReference; fileEncoding = 4; lastKnownFileType = sourcecode.swift; path = News.swift; sourceTree = "<group>"; };
		6797F8A71EE4B38E00B8EAA5 /* Reaction.swift */ = {isa = PBXFileReference; fileEncoding = 4; lastKnownFileType = sourcecode.swift; path = Reaction.swift; sourceTree = "<group>"; };
		6797F8A81EE4B38E00B8EAA5 /* Topic.swift */ = {isa = PBXFileReference; fileEncoding = 4; lastKnownFileType = sourcecode.swift; path = Topic.swift; sourceTree = "<group>"; };
		6797F8AA1EE4B38E00B8EAA5 /* HTTPService.swift */ = {isa = PBXFileReference; fileEncoding = 4; lastKnownFileType = sourcecode.swift; path = HTTPService.swift; sourceTree = "<group>"; };
		6797F8AB1EE4B38E00B8EAA5 /* NewsService.swift */ = {isa = PBXFileReference; fileEncoding = 4; lastKnownFileType = sourcecode.swift; path = NewsService.swift; sourceTree = "<group>"; };
		6797F8BB1EE4D17E00B8EAA5 /* MockService.swift */ = {isa = PBXFileReference; fileEncoding = 4; lastKnownFileType = sourcecode.swift; path = MockService.swift; sourceTree = "<group>"; };
		6797F8BF1EE4D7F700B8EAA5 /* GET-reactions.json */ = {isa = PBXFileReference; fileEncoding = 4; lastKnownFileType = text.json; path = "GET-reactions.json"; sourceTree = "<group>"; };
		6798B67B1EBAA7270079B8E1 /* config.plist */ = {isa = PBXFileReference; fileEncoding = 4; lastKnownFileType = text.plist.xml; name = config.plist; path = src/config.plist; sourceTree = "<group>"; };
		6798B6851EBAC6260079B8E1 /* fabric.apikey */ = {isa = PBXFileReference; lastKnownFileType = text; path = fabric.apikey; sourceTree = SOURCE_ROOT; };
		6798B6861EBAC6260079B8E1 /* fabric.buildsecret */ = {isa = PBXFileReference; lastKnownFileType = text; path = fabric.buildsecret; sourceTree = SOURCE_ROOT; };
		6798E8CE1D88F3390032D350 /* KeywordCollectionViewCell.swift */ = {isa = PBXFileReference; fileEncoding = 4; lastKnownFileType = sourcecode.swift; path = KeywordCollectionViewCell.swift; sourceTree = "<group>"; };
		67C3CD3C1D6D1876003CC04E /* TrendingInterfaceController.swift */ = {isa = PBXFileReference; fileEncoding = 4; lastKnownFileType = sourcecode.swift; path = TrendingInterfaceController.swift; sourceTree = "<group>"; };
		67C3CD3E1D6D1A68003CC04E /* TrendingRowController.swift */ = {isa = PBXFileReference; fileEncoding = 4; lastKnownFileType = sourcecode.swift; path = TrendingRowController.swift; sourceTree = "<group>"; };
		67C9CF9C1EEA0E95007216FE /* GET-trending.json */ = {isa = PBXFileReference; fileEncoding = 4; lastKnownFileType = text.json; path = "GET-trending.json"; sourceTree = "<group>"; };
		67CE08B01E9012F700D5911E /* NewsCellViewModel.swift */ = {isa = PBXFileReference; fileEncoding = 4; lastKnownFileType = sourcecode.swift; path = NewsCellViewModel.swift; sourceTree = "<group>"; };
		67CE08B21E903B2D00D5911E /* ReactionPickerViewController.swift */ = {isa = PBXFileReference; fileEncoding = 4; lastKnownFileType = sourcecode.swift; path = ReactionPickerViewController.swift; sourceTree = "<group>"; };
		67CE08B41E904F2000D5911E /* ReactionCollectionViewCell.swift */ = {isa = PBXFileReference; fileEncoding = 4; lastKnownFileType = sourcecode.swift; path = ReactionCollectionViewCell.swift; sourceTree = "<group>"; };
		67D434F01EB0000C001A79D8 /* MyReactionsViewController.swift */ = {isa = PBXFileReference; fileEncoding = 4; lastKnownFileType = sourcecode.swift; path = MyReactionsViewController.swift; sourceTree = "<group>"; };
		67D434F21EB01827001A79D8 /* ReactionTableViewCell.swift */ = {isa = PBXFileReference; fileEncoding = 4; lastKnownFileType = sourcecode.swift; path = ReactionTableViewCell.swift; sourceTree = "<group>"; };
		67E10ACD1F637FAA009F017C /* Base */ = {isa = PBXFileReference; lastKnownFileType = file.storyboard; name = Base; path = Base.lproj/Filter.storyboard; sourceTree = "<group>"; };
		67E10ACF1F6385FE009F017C /* FilterViewController.swift */ = {isa = PBXFileReference; fileEncoding = 4; lastKnownFileType = sourcecode.swift; path = FilterViewController.swift; sourceTree = "<group>"; };
		67E10AD11F6389C3009F017C /* FilterCollectionViewCell.swift */ = {isa = PBXFileReference; fileEncoding = 4; lastKnownFileType = sourcecode.swift; path = FilterCollectionViewCell.swift; sourceTree = "<group>"; };
		67F39C191EB2DEE600CF99F2 /* SearchViewController.swift */ = {isa = PBXFileReference; fileEncoding = 4; lastKnownFileType = sourcecode.swift; path = SearchViewController.swift; sourceTree = "<group>"; };
		67FD84DA1D6BF85D00BACAFC /* TrendingCardsViewController.swift */ = {isa = PBXFileReference; fileEncoding = 4; lastKnownFileType = sourcecode.swift; path = TrendingCardsViewController.swift; sourceTree = "<group>"; };
		76124FBA967C0DCF6FC87B1F /* Pods-Headlines.release.xcconfig */ = {isa = PBXFileReference; includeInIndex = 1; lastKnownFileType = text.xcconfig; name = "Pods-Headlines.release.xcconfig"; path = "Pods/Target Support Files/Pods-Headlines/Pods-Headlines.release.xcconfig"; sourceTree = "<group>"; };
		884A5BFA52E8811A2C5A6A7D /* Pods_Headlines.framework */ = {isa = PBXFileReference; explicitFileType = wrapper.framework; includeInIndex = 0; path = Pods_Headlines.framework; sourceTree = BUILT_PRODUCTS_DIR; };
		BF6FCFB06FB814847D111266 /* Pods-Canillitapp.debug.xcconfig */ = {isa = PBXFileReference; includeInIndex = 1; lastKnownFileType = text.xcconfig; name = "Pods-Canillitapp.debug.xcconfig"; path = "Pods/Target Support Files/Pods-Canillitapp/Pods-Canillitapp.debug.xcconfig"; sourceTree = "<group>"; };
		CBCA2736BC05D788D049F5CF /* Pods-Headlines.debug.xcconfig */ = {isa = PBXFileReference; includeInIndex = 1; lastKnownFileType = text.xcconfig; name = "Pods-Headlines.debug.xcconfig"; path = "Pods/Target Support Files/Pods-Headlines/Pods-Headlines.debug.xcconfig"; sourceTree = "<group>"; };
		D92054C908EB67709F7A5EC5 /* Pods-Canillitapp.release.xcconfig */ = {isa = PBXFileReference; includeInIndex = 1; lastKnownFileType = text.xcconfig; name = "Pods-Canillitapp.release.xcconfig"; path = "Pods/Target Support Files/Pods-Canillitapp/Pods-Canillitapp.release.xcconfig"; sourceTree = "<group>"; };
		E7CA813EE9F2943ACC02746E /* Pods_Watch_Extension.framework */ = {isa = PBXFileReference; explicitFileType = wrapper.framework; includeInIndex = 0; path = Pods_Watch_Extension.framework; sourceTree = BUILT_PRODUCTS_DIR; };
/* End PBXFileReference section */

/* Begin PBXFrameworksBuildPhase section */
		6712660B1F4D08600005CF4B /* Frameworks */ = {
			isa = PBXFrameworksBuildPhase;
			buildActionMask = 2147483647;
			files = (
			);
			runOnlyForDeploymentPostprocessing = 0;
		};
		6719DA681D6D143E00D1E214 /* Frameworks */ = {
			isa = PBXFrameworksBuildPhase;
			buildActionMask = 2147483647;
			files = (
				597E81BAC05CC01C523956BE /* Pods_Watch_Extension.framework in Frameworks */,
			);
			runOnlyForDeploymentPostprocessing = 0;
		};
		671DC3701EE35FB3000CBAF0 /* Frameworks */ = {
			isa = PBXFrameworksBuildPhase;
			buildActionMask = 2147483647;
			files = (
			);
			runOnlyForDeploymentPostprocessing = 0;
		};
		675A81D91D6BF6E8000DC680 /* Frameworks */ = {
			isa = PBXFrameworksBuildPhase;
			buildActionMask = 2147483647;
			files = (
				67897EB21EA70B2B0084F598 /* CloudKit.framework in Frameworks */,
				133B125AD494C219DB3B0255 /* Pods_Canillitapp.framework in Frameworks */,
			);
			runOnlyForDeploymentPostprocessing = 0;
		};
		675A81EF1D6BF6E8000DC680 /* Frameworks */ = {
			isa = PBXFrameworksBuildPhase;
			buildActionMask = 2147483647;
			files = (
			);
			runOnlyForDeploymentPostprocessing = 0;
		};
		675A81FA1D6BF6E8000DC680 /* Frameworks */ = {
			isa = PBXFrameworksBuildPhase;
			buildActionMask = 2147483647;
			files = (
			);
			runOnlyForDeploymentPostprocessing = 0;
		};
		9488D2EF1B75EBA85CF24535 /* Frameworks */ = {
			isa = PBXFrameworksBuildPhase;
			buildActionMask = 2147483647;
			files = (
			);
			runOnlyForDeploymentPostprocessing = 0;
		};
/* End PBXFrameworksBuildPhase section */

/* Begin PBXGroup section */
		670C0A601EE7BE2700C40338 /* resources */ = {
			isa = PBXGroup;
			children = (
				670C0A611EE7BE8300C40338 /* fonts */,
			);
			path = resources;
			sourceTree = "<group>";
		};
		670C0A611EE7BE8300C40338 /* fonts */ = {
			isa = PBXGroup;
			children = (
				670C0A621EE7BE8300C40338 /* Rubik-Light.ttf */,
				670C0A631EE7BE8300C40338 /* Rubik-Medium.ttf */,
				670C0A641EE7BE8300C40338 /* Rubik-Regular.ttf */,
			);
			path = fonts;
			sourceTree = "<group>";
		};
		6712660F1F4D08610005CF4B /* HeadlinesMockedUITests */ = {
			isa = PBXGroup;
			children = (
				6712661C1F4D08C10005CF4B /* HeadlinesMockedUITests.swift */,
				671266121F4D08610005CF4B /* Info.plist */,
				6712661B1F4D08C10005CF4B /* HeadlinesMockedUITests-Bridging-Header.h */,
			);
			path = HeadlinesMockedUITests;
			sourceTree = "<group>";
		};
		6719DA601D6D143E00D1E214 /* Watch */ = {
			isa = PBXGroup;
			children = (
				6719DA611D6D143E00D1E214 /* Interface.storyboard */,
				6719DA641D6D143E00D1E214 /* Assets.xcassets */,
				6719DA661D6D143E00D1E214 /* Info.plist */,
			);
			path = Watch;
			sourceTree = "<group>";
		};
		6719DA6F1D6D143E00D1E214 /* Watch Extension */ = {
			isa = PBXGroup;
			children = (
				6719DA721D6D143E00D1E214 /* ExtensionDelegate.swift */,
				67C3CD3C1D6D1876003CC04E /* TrendingInterfaceController.swift */,
				677AE3451D6E7D0E00CD710D /* NewsInterfaceController.swift */,
				67C3CD3E1D6D1A68003CC04E /* TrendingRowController.swift */,
				677AE3471D6E7FE900CD710D /* NewsRowController.swift */,
				6719DA741D6D143E00D1E214 /* Assets.xcassets */,
				6719DA761D6D143E00D1E214 /* Info.plist */,
			);
			path = "Watch Extension";
			sourceTree = "<group>";
		};
		671DC3741EE35FB3000CBAF0 /* SnapshotUITests */ = {
			isa = PBXGroup;
			children = (
				671DC37D1EE35FC3000CBAF0 /* SnapshotHelper.swift */,
				671DC3751EE35FB3000CBAF0 /* SnapshotUITests.swift */,
				671DC3771EE35FB3000CBAF0 /* Info.plist */,
			);
			path = SnapshotUITests;
			sourceTree = "<group>";
		};
		67302DD31F6DA7E900C0A01E /* Managers */ = {
			isa = PBXGroup;
			children = (
				67302DD11F6DA7E500C0A01E /* UserSettingsManager.swift */,
			);
			name = Managers;
			path = ..;
			sourceTree = "<group>";
		};
		6734EA621E99A97A00493C86 /* Services */ = {
			isa = PBXGroup;
			children = (
				6734EA601E99A97600493C86 /* ReactionsService.swift */,
			);
			name = Services;
			sourceTree = "<group>";
		};
		6757C3081F4BD9030007C17F /* DataSources */ = {
			isa = PBXGroup;
			children = (
				6757C3061F4BD8FF0007C17F /* NewsTableViewControllerDataSource.swift */,
				6757C3091F4BDA620007C17F /* RecentNewsDataSource.swift */,
				670B793D1F4CE7F000C485A9 /* PopularNewsDataSource.swift */,
			);
			name = DataSources;
			sourceTree = "<group>";
		};
		675A81D31D6BF6E8000DC680 = {
			isa = PBXGroup;
			children = (
				6797F8931EE4B30600B8EAA5 /* Common */,
				675A81DE1D6BF6E8000DC680 /* Headlines */,
				675A81F51D6BF6E8000DC680 /* HeadlinesTests */,
				675A82001D6BF6E8000DC680 /* HeadlinesUITests */,
				6712660F1F4D08610005CF4B /* HeadlinesMockedUITests */,
				6719DA601D6D143E00D1E214 /* Watch */,
				6719DA6F1D6D143E00D1E214 /* Watch Extension */,
				671DC3741EE35FB3000CBAF0 /* SnapshotUITests */,
				675A81DD1D6BF6E8000DC680 /* Products */,
				C9B35ED6280F70EB874A775A /* Pods */,
				7F5377F9DE7CA1E0A38F9F13 /* Frameworks */,
			);
			sourceTree = "<group>";
		};
		675A81DD1D6BF6E8000DC680 /* Products */ = {
			isa = PBXGroup;
			children = (
				675A81DC1D6BF6E8000DC680 /* Canillitapp.app */,
				675A81F21D6BF6E8000DC680 /* HeadlinesTests.xctest */,
				675A81FD1D6BF6E8000DC680 /* HeadlinesUITests.xctest */,
				6719DA5F1D6D143E00D1E214 /* Watch.app */,
				6719DA6B1D6D143E00D1E214 /* Watch Extension.appex */,
				671DC3731EE35FB3000CBAF0 /* SnapshotUITests.xctest */,
				6712660E1F4D08600005CF4B /* HeadlinesMockedUITests.xctest */,
			);
			name = Products;
			sourceTree = "<group>";
		};
		675A81DE1D6BF6E8000DC680 /* Headlines */ = {
			isa = PBXGroup;
			children = (
				6798B6851EBAC6260079B8E1 /* fabric.apikey */,
				6798B6861EBAC6260079B8E1 /* fabric.buildsecret */,
				67897EB01EA70B280084F598 /* Headlines.entitlements */,
				675A81DF1D6BF6E8000DC680 /* AppDelegate.swift */,
				6775419B1EF234A30034FABD /* Settings.bundle */,
				6798B67B1EBAA7270079B8E1 /* config.plist */,
				67FD84D71D6BF85D00BACAFC /* src */,
				675A81E51D6BF6E8000DC680 /* Main.storyboard */,
				671266021F4CEEBE0005CF4B /* MyReactions.storyboard */,
				678A17421F4A1D9F00D84793 /* Reactions.storyboard */,
				671265FF1F4CEDB60005CF4B /* News.storyboard */,
				67E10ACC1F637FAA009F017C /* Filter.storyboard */,
				671266051F4CEF0C0005CF4B /* Trending.storyboard */,
				675A81E81D6BF6E8000DC680 /* Assets.xcassets */,
				670C0A601EE7BE2700C40338 /* resources */,
				675A81EA1D6BF6E8000DC680 /* LaunchScreen.storyboard */,
				675A81ED1D6BF6E8000DC680 /* Info.plist */,
			);
			path = Headlines;
			sourceTree = "<group>";
		};
		675A81F51D6BF6E8000DC680 /* HeadlinesTests */ = {
			isa = PBXGroup;
			children = (
				6757C30B1F4BE0810007C17F /* RecentNewsDataSourceTests.swift */,
				670B793F1F4CE8A100C485A9 /* PopularNewsDataSourceTests.swift */,
				675A81F81D6BF6E8000DC680 /* Info.plist */,
			);
			path = HeadlinesTests;
			sourceTree = "<group>";
		};
		675A82001D6BF6E8000DC680 /* HeadlinesUITests */ = {
			isa = PBXGroup;
			children = (
				675A82011D6BF6E8000DC680 /* HeadlinesUITests.swift */,
				675A82031D6BF6E8000DC680 /* Info.plist */,
			);
			path = HeadlinesUITests;
			sourceTree = "<group>";
		};
		67617F811F6CB2C700674320 /* Animators */ = {
			isa = PBXGroup;
			children = (
				67617F7F1F6CB2C200674320 /* DimPresentAnimationController.swift */,
			);
			name = Animators;
			sourceTree = "<group>";
		};
		6797F8931EE4B30600B8EAA5 /* Common */ = {
			isa = PBXGroup;
			children = (
				6797F8A31EE4B38E00B8EAA5 /* helpers */,
				6797F8A51EE4B38E00B8EAA5 /* models */,
				6797F8A91EE4B38E00B8EAA5 /* services */,
			);
			path = Common;
			sourceTree = "<group>";
		};
		6797F8A31EE4B38E00B8EAA5 /* helpers */ = {
			isa = PBXGroup;
			children = (
				6797F8A41EE4B38E00B8EAA5 /* ConfigHelper.swift */,
			);
			path = helpers;
			sourceTree = "<group>";
		};
		6797F8A51EE4B38E00B8EAA5 /* models */ = {
			isa = PBXGroup;
			children = (
				6797F8A61EE4B38E00B8EAA5 /* News.swift */,
				6797F8A71EE4B38E00B8EAA5 /* Reaction.swift */,
				6797F8A81EE4B38E00B8EAA5 /* Topic.swift */,
			);
			path = models;
			sourceTree = "<group>";
		};
		6797F8A91EE4B38E00B8EAA5 /* services */ = {
			isa = PBXGroup;
			children = (
				6797F8BE1EE4D7F700B8EAA5 /* mocks */,
				6797F8AA1EE4B38E00B8EAA5 /* HTTPService.swift */,
				6797F8BB1EE4D17E00B8EAA5 /* MockService.swift */,
				6797F8AB1EE4B38E00B8EAA5 /* NewsService.swift */,
			);
			path = services;
			sourceTree = "<group>";
		};
		6797F8BE1EE4D7F700B8EAA5 /* mocks */ = {
			isa = PBXGroup;
			children = (
				67C9CF9C1EEA0E95007216FE /* GET-trending.json */,
				6797F8BF1EE4D7F700B8EAA5 /* GET-reactions.json */,
				676E1C1D1EECA68400EC71A5 /* GET-popular.json */,
				676E1C1F1EECA7EB00EC71A5 /* GET-recent.json */,
				6712661E1F4D30610005CF4B /* GET-search.json */,
			);
			path = mocks;
			sourceTree = "<group>";
		};
		6798E8CD1D88F3390032D350 /* Views */ = {
			isa = PBXGroup;
			children = (
				677392C21F6B42CE0076E8BB /* DynamicHeightCollectionView.swift */,
				67E10AD11F6389C3009F017C /* FilterCollectionViewCell.swift */,
				6798E8CE1D88F3390032D350 /* KeywordCollectionViewCell.swift */,
				670D2C7B1DDC09D000237C39 /* NewsTableViewCell.swift */,
				67CE08B41E904F2000D5911E /* ReactionCollectionViewCell.swift */,
				67D434F21EB01827001A79D8 /* ReactionTableViewCell.swift */,
			);
			path = Views;
			sourceTree = "<group>";
		};
		67CE08AF1E9012F700D5911E /* ViewModels */ = {
			isa = PBXGroup;
			children = (
				67CE08B01E9012F700D5911E /* NewsCellViewModel.swift */,
			);
			path = ViewModels;
			sourceTree = "<group>";
		};
		67FD84D71D6BF85D00BACAFC /* src */ = {
			isa = PBXGroup;
			children = (
				67617F811F6CB2C700674320 /* Animators */,
				67FD84D81D6BF85D00BACAFC /* Controllers */,
				6757C3081F4BD9030007C17F /* DataSources */,
				67302DD31F6DA7E900C0A01E /* Managers */,
				6734EA621E99A97A00493C86 /* Services */,
				67CE08AF1E9012F700D5911E /* ViewModels */,
				6798E8CD1D88F3390032D350 /* Views */,
			);
			path = src;
			sourceTree = "<group>";
		};
		67FD84D81D6BF85D00BACAFC /* Controllers */ = {
			isa = PBXGroup;
			children = (
				67E10ACF1F6385FE009F017C /* FilterViewController.swift */,
				671266081F4CEF980005CF4B /* InitialTabBarController.swift */,
				67D434F01EB0000C001A79D8 /* MyReactionsViewController.swift */,
				674770241E99D28E003D5AF1 /* NewsTableViewController.swift */,
				43CC643C1EBBE7E90066D49E /* OrientationAwareControllers.swift */,
				67CE08B21E903B2D00D5911E /* ReactionPickerViewController.swift */,
				67F39C191EB2DEE600CF99F2 /* SearchViewController.swift */,
				67FD84DA1D6BF85D00BACAFC /* TrendingCardsViewController.swift */,
			);
			path = Controllers;
			sourceTree = "<group>";
		};
		7F5377F9DE7CA1E0A38F9F13 /* Frameworks */ = {
			isa = PBXGroup;
			children = (
				67897EB11EA70B2B0084F598 /* CloudKit.framework */,
				884A5BFA52E8811A2C5A6A7D /* Pods_Headlines.framework */,
				E7CA813EE9F2943ACC02746E /* Pods_Watch_Extension.framework */,
				1E364D941A8F5CACBFF8FD34 /* Pods_Canillitapp.framework */,
			);
			name = Frameworks;
			sourceTree = "<group>";
		};
		C9B35ED6280F70EB874A775A /* Pods */ = {
			isa = PBXGroup;
			children = (
				CBCA2736BC05D788D049F5CF /* Pods-Headlines.debug.xcconfig */,
				76124FBA967C0DCF6FC87B1F /* Pods-Headlines.release.xcconfig */,
				0DF05652C0E59CFCA3F26160 /* Pods-Watch Extension.debug.xcconfig */,
				5EA3242399336F7A8DE27E42 /* Pods-Watch Extension.release.xcconfig */,
				BF6FCFB06FB814847D111266 /* Pods-Canillitapp.debug.xcconfig */,
				D92054C908EB67709F7A5EC5 /* Pods-Canillitapp.release.xcconfig */,
			);
			name = Pods;
			sourceTree = "<group>";
		};
/* End PBXGroup section */

/* Begin PBXNativeTarget section */
		6712660D1F4D08600005CF4B /* HeadlinesMockedUITests */ = {
			isa = PBXNativeTarget;
			buildConfigurationList = 671266171F4D08610005CF4B /* Build configuration list for PBXNativeTarget "HeadlinesMockedUITests" */;
			buildPhases = (
				6712660A1F4D08600005CF4B /* Sources */,
				6712660B1F4D08600005CF4B /* Frameworks */,
				6712660C1F4D08600005CF4B /* Resources */,
			);
			buildRules = (
			);
			dependencies = (
				671266141F4D08610005CF4B /* PBXTargetDependency */,
			);
			name = HeadlinesMockedUITests;
			productName = HeadlinesMockedUITests;
			productReference = 6712660E1F4D08600005CF4B /* HeadlinesMockedUITests.xctest */;
			productType = "com.apple.product-type.bundle.ui-testing";
		};
		6719DA5E1D6D143E00D1E214 /* Watch */ = {
			isa = PBXNativeTarget;
			buildConfigurationList = 6719DA801D6D143E00D1E214 /* Build configuration list for PBXNativeTarget "Watch" */;
			buildPhases = (
				6719DA5D1D6D143E00D1E214 /* Resources */,
				6719DA7F1D6D143E00D1E214 /* Embed App Extensions */,
				9488D2EF1B75EBA85CF24535 /* Frameworks */,
			);
			buildRules = (
			);
			dependencies = (
				6719DA6E1D6D143E00D1E214 /* PBXTargetDependency */,
			);
			name = Watch;
			productName = Watch;
			productReference = 6719DA5F1D6D143E00D1E214 /* Watch.app */;
			productType = "com.apple.product-type.application.watchapp2";
		};
		6719DA6A1D6D143E00D1E214 /* Watch Extension */ = {
			isa = PBXNativeTarget;
			buildConfigurationList = 6719DA7E1D6D143E00D1E214 /* Build configuration list for PBXNativeTarget "Watch Extension" */;
			buildPhases = (
				111875771CA35CA2D69BBEA3 /* [CP] Check Pods Manifest.lock */,
				6719DA671D6D143E00D1E214 /* Sources */,
				6719DA681D6D143E00D1E214 /* Frameworks */,
				6719DA691D6D143E00D1E214 /* Resources */,
				600A534BDF5ECF37B13E3932 /* [CP] Embed Pods Frameworks */,
				E97460B9DB6EF158305388DA /* [CP] Copy Pods Resources */,
			);
			buildRules = (
			);
			dependencies = (
			);
			name = "Watch Extension";
			productName = "Watch Extension";
			productReference = 6719DA6B1D6D143E00D1E214 /* Watch Extension.appex */;
			productType = "com.apple.product-type.watchkit2-extension";
		};
		671DC3721EE35FB3000CBAF0 /* SnapshotUITests */ = {
			isa = PBXNativeTarget;
			buildConfigurationList = 671DC37A1EE35FB3000CBAF0 /* Build configuration list for PBXNativeTarget "SnapshotUITests" */;
			buildPhases = (
				671DC36F1EE35FB3000CBAF0 /* Sources */,
				671DC3701EE35FB3000CBAF0 /* Frameworks */,
				671DC3711EE35FB3000CBAF0 /* Resources */,
			);
			buildRules = (
			);
			dependencies = (
				671DC3791EE35FB3000CBAF0 /* PBXTargetDependency */,
			);
			name = SnapshotUITests;
			productName = SnapshotUITests;
			productReference = 671DC3731EE35FB3000CBAF0 /* SnapshotUITests.xctest */;
			productType = "com.apple.product-type.bundle.ui-testing";
		};
		675A81DB1D6BF6E8000DC680 /* Canillitapp */ = {
			isa = PBXNativeTarget;
			buildConfigurationList = 675A82061D6BF6E8000DC680 /* Build configuration list for PBXNativeTarget "Canillitapp" */;
			buildPhases = (
				ACDDC73AB3F5EA8DC32646D3 /* [CP] Check Pods Manifest.lock */,
				675A81D81D6BF6E8000DC680 /* Sources */,
				675A81D91D6BF6E8000DC680 /* Frameworks */,
				675A81DA1D6BF6E8000DC680 /* Resources */,
				931F64A98B2233C424A110A8 /* [CP] Embed Pods Frameworks */,
				391B4F8B792FBE42FF97B710 /* [CP] Copy Pods Resources */,
				67FD84E11D6BF89D00BACAFC /* SwiftLint */,
				6719DA811D6D143E00D1E214 /* Embed Watch Content */,
				6798B6841EBABFB50079B8E1 /* Crashlytics */,
			);
			buildRules = (
			);
			dependencies = (
				6719DA781D6D143E00D1E214 /* PBXTargetDependency */,
			);
			name = Canillitapp;
			productName = Headlines;
			productReference = 675A81DC1D6BF6E8000DC680 /* Canillitapp.app */;
			productType = "com.apple.product-type.application";
		};
		675A81F11D6BF6E8000DC680 /* HeadlinesTests */ = {
			isa = PBXNativeTarget;
			buildConfigurationList = 675A82091D6BF6E8000DC680 /* Build configuration list for PBXNativeTarget "HeadlinesTests" */;
			buildPhases = (
				675A81EE1D6BF6E8000DC680 /* Sources */,
				675A81EF1D6BF6E8000DC680 /* Frameworks */,
				675A81F01D6BF6E8000DC680 /* Resources */,
			);
			buildRules = (
			);
			dependencies = (
				675A81F41D6BF6E8000DC680 /* PBXTargetDependency */,
			);
			name = HeadlinesTests;
			productName = HeadlinesTests;
			productReference = 675A81F21D6BF6E8000DC680 /* HeadlinesTests.xctest */;
			productType = "com.apple.product-type.bundle.unit-test";
		};
		675A81FC1D6BF6E8000DC680 /* HeadlinesUITests */ = {
			isa = PBXNativeTarget;
			buildConfigurationList = 675A820C1D6BF6E8000DC680 /* Build configuration list for PBXNativeTarget "HeadlinesUITests" */;
			buildPhases = (
				675A81F91D6BF6E8000DC680 /* Sources */,
				675A81FA1D6BF6E8000DC680 /* Frameworks */,
				675A81FB1D6BF6E8000DC680 /* Resources */,
			);
			buildRules = (
			);
			dependencies = (
				675A81FF1D6BF6E8000DC680 /* PBXTargetDependency */,
			);
			name = HeadlinesUITests;
			productName = HeadlinesUITests;
			productReference = 675A81FD1D6BF6E8000DC680 /* HeadlinesUITests.xctest */;
			productType = "com.apple.product-type.bundle.ui-testing";
		};
/* End PBXNativeTarget section */

/* Begin PBXProject section */
		675A81D41D6BF6E8000DC680 /* Project object */ = {
			isa = PBXProject;
			attributes = {
				LastSwiftUpdateCheck = 0830;
				LastUpgradeCheck = 0800;
				ORGANIZATIONNAME = "Ezequiel Becerra";
				TargetAttributes = {
					6712660D1F4D08600005CF4B = {
						CreatedOnToolsVersion = 8.3.3;
						DevelopmentTeam = 2334RGUT2P;
						LastSwiftMigration = 0830;
						ProvisioningStyle = Automatic;
						TestTargetID = 675A81DB1D6BF6E8000DC680;
					};
					6719DA5E1D6D143E00D1E214 = {
						CreatedOnToolsVersion = 7.3.1;
						DevelopmentTeam = 2334RGUT2P;
						ProvisioningStyle = Automatic;
					};
					6719DA6A1D6D143E00D1E214 = {
						CreatedOnToolsVersion = 7.3.1;
						DevelopmentTeam = 2334RGUT2P;
						LastSwiftMigration = 0800;
						ProvisioningStyle = Automatic;
					};
					671DC3721EE35FB3000CBAF0 = {
						CreatedOnToolsVersion = 8.3.2;
						DevelopmentTeam = 2334RGUT2P;
						ProvisioningStyle = Automatic;
						TestTargetID = 675A81DB1D6BF6E8000DC680;
					};
					675A81DB1D6BF6E8000DC680 = {
						CreatedOnToolsVersion = 7.3.1;
						DevelopmentTeam = 2334RGUT2P;
						LastSwiftMigration = 0800;
						ProvisioningStyle = Automatic;
						SystemCapabilities = {
							com.apple.Push = {
								enabled = 1;
							};
							com.apple.iCloud = {
								enabled = 1;
							};
						};
					};
					675A81F11D6BF6E8000DC680 = {
						CreatedOnToolsVersion = 7.3.1;
						DevelopmentTeam = 2334RGUT2P;
						LastSwiftMigration = 0800;
						TestTargetID = 675A81DB1D6BF6E8000DC680;
					};
					675A81FC1D6BF6E8000DC680 = {
						CreatedOnToolsVersion = 7.3.1;
						DevelopmentTeam = 2334RGUT2P;
						LastSwiftMigration = 0800;
						ProvisioningStyle = Automatic;
						TestTargetID = 675A81DB1D6BF6E8000DC680;
					};
				};
			};
			buildConfigurationList = 675A81D71D6BF6E8000DC680 /* Build configuration list for PBXProject "Headlines" */;
			compatibilityVersion = "Xcode 3.2";
			developmentRegion = English;
			hasScannedForEncodings = 0;
			knownRegions = (
				en,
				Base,
			);
			mainGroup = 675A81D31D6BF6E8000DC680;
			productRefGroup = 675A81DD1D6BF6E8000DC680 /* Products */;
			projectDirPath = "";
			projectRoot = "";
			targets = (
				675A81DB1D6BF6E8000DC680 /* Canillitapp */,
				675A81F11D6BF6E8000DC680 /* HeadlinesTests */,
				675A81FC1D6BF6E8000DC680 /* HeadlinesUITests */,
				6719DA5E1D6D143E00D1E214 /* Watch */,
				6719DA6A1D6D143E00D1E214 /* Watch Extension */,
				671DC3721EE35FB3000CBAF0 /* SnapshotUITests */,
				6712660D1F4D08600005CF4B /* HeadlinesMockedUITests */,
			);
		};
/* End PBXProject section */

/* Begin PBXResourcesBuildPhase section */
		6712660C1F4D08600005CF4B /* Resources */ = {
			isa = PBXResourcesBuildPhase;
			buildActionMask = 2147483647;
			files = (
			);
			runOnlyForDeploymentPostprocessing = 0;
		};
		6719DA5D1D6D143E00D1E214 /* Resources */ = {
			isa = PBXResourcesBuildPhase;
			buildActionMask = 2147483647;
			files = (
				6719DA651D6D143E00D1E214 /* Assets.xcassets in Resources */,
				6719DA631D6D143E00D1E214 /* Interface.storyboard in Resources */,
			);
			runOnlyForDeploymentPostprocessing = 0;
		};
		6719DA691D6D143E00D1E214 /* Resources */ = {
			isa = PBXResourcesBuildPhase;
			buildActionMask = 2147483647;
			files = (
				6798B67D1EBAA7270079B8E1 /* config.plist in Resources */,
				6719DA751D6D143E00D1E214 /* Assets.xcassets in Resources */,
				6797F8C11EE4D7F700B8EAA5 /* GET-reactions.json in Resources */,
			);
			runOnlyForDeploymentPostprocessing = 0;
		};
		671DC3711EE35FB3000CBAF0 /* Resources */ = {
			isa = PBXResourcesBuildPhase;
			buildActionMask = 2147483647;
			files = (
			);
			runOnlyForDeploymentPostprocessing = 0;
		};
		675A81DA1D6BF6E8000DC680 /* Resources */ = {
			isa = PBXResourcesBuildPhase;
			buildActionMask = 2147483647;
			files = (
				6798B67C1EBAA7270079B8E1 /* config.plist in Resources */,
				678A17441F4A1D9F00D84793 /* Reactions.storyboard in Resources */,
				676E1C201EECA7EB00EC71A5 /* GET-recent.json in Resources */,
				67E10ACE1F637FAA009F017C /* Filter.storyboard in Resources */,
				6775419C1EF234A30034FABD /* Settings.bundle in Resources */,
				675A81EC1D6BF6E8000DC680 /* LaunchScreen.storyboard in Resources */,
				6798B6871EBACDB70079B8E1 /* fabric.apikey in Resources */,
				67C9CF9D1EEA0E95007216FE /* GET-trending.json in Resources */,
				671266011F4CEDB60005CF4B /* News.storyboard in Resources */,
				676E1C1E1EECA68400EC71A5 /* GET-popular.json in Resources */,
				675A81E91D6BF6E8000DC680 /* Assets.xcassets in Resources */,
				670C0A671EE7BE8300C40338 /* Rubik-Regular.ttf in Resources */,
				671266041F4CEEBE0005CF4B /* MyReactions.storyboard in Resources */,
				675A81E71D6BF6E8000DC680 /* Main.storyboard in Resources */,
				670C0A651EE7BE8300C40338 /* Rubik-Light.ttf in Resources */,
				6712661F1F4D30610005CF4B /* GET-search.json in Resources */,
				6797F8C01EE4D7F700B8EAA5 /* GET-reactions.json in Resources */,
				670C0A661EE7BE8300C40338 /* Rubik-Medium.ttf in Resources */,
				671266071F4CEF0C0005CF4B /* Trending.storyboard in Resources */,
			);
			runOnlyForDeploymentPostprocessing = 0;
		};
		675A81F01D6BF6E8000DC680 /* Resources */ = {
			isa = PBXResourcesBuildPhase;
			buildActionMask = 2147483647;
			files = (
			);
			runOnlyForDeploymentPostprocessing = 0;
		};
		675A81FB1D6BF6E8000DC680 /* Resources */ = {
			isa = PBXResourcesBuildPhase;
			buildActionMask = 2147483647;
			files = (
			);
			runOnlyForDeploymentPostprocessing = 0;
		};
/* End PBXResourcesBuildPhase section */

/* Begin PBXShellScriptBuildPhase section */
		111875771CA35CA2D69BBEA3 /* [CP] Check Pods Manifest.lock */ = {
			isa = PBXShellScriptBuildPhase;
			buildActionMask = 2147483647;
			files = (
			);
			inputPaths = (
			);
			name = "[CP] Check Pods Manifest.lock";
			outputPaths = (
			);
			runOnlyForDeploymentPostprocessing = 0;
			shellPath = /bin/sh;
			shellScript = "diff \"${PODS_PODFILE_DIR_PATH}/Podfile.lock\" \"${PODS_ROOT}/Manifest.lock\" > /dev/null\nif [ $? != 0 ] ; then\n    # print error to STDERR\n    echo \"error: The sandbox is not in sync with the Podfile.lock. Run 'pod install' or update your CocoaPods installation.\" >&2\n    exit 1\nfi\n";
			showEnvVarsInLog = 0;
		};
		391B4F8B792FBE42FF97B710 /* [CP] Copy Pods Resources */ = {
			isa = PBXShellScriptBuildPhase;
			buildActionMask = 2147483647;
			files = (
			);
			inputPaths = (
			);
			name = "[CP] Copy Pods Resources";
			outputPaths = (
			);
			runOnlyForDeploymentPostprocessing = 0;
			shellPath = /bin/sh;
			shellScript = "\"${SRCROOT}/Pods/Target Support Files/Pods-Canillitapp/Pods-Canillitapp-resources.sh\"\n";
			showEnvVarsInLog = 0;
		};
		600A534BDF5ECF37B13E3932 /* [CP] Embed Pods Frameworks */ = {
			isa = PBXShellScriptBuildPhase;
			buildActionMask = 2147483647;
			files = (
			);
			inputPaths = (
			);
			name = "[CP] Embed Pods Frameworks";
			outputPaths = (
			);
			runOnlyForDeploymentPostprocessing = 0;
			shellPath = /bin/sh;
			shellScript = "\"${SRCROOT}/Pods/Target Support Files/Pods-Watch Extension/Pods-Watch Extension-frameworks.sh\"\n";
			showEnvVarsInLog = 0;
		};
		6798B6841EBABFB50079B8E1 /* Crashlytics */ = {
			isa = PBXShellScriptBuildPhase;
			buildActionMask = 2147483647;
			files = (
			);
			inputPaths = (
			);
			name = Crashlytics;
			outputPaths = (
			);
			runOnlyForDeploymentPostprocessing = 0;
			shellPath = /bin/sh;
			shellScript = "# https://www.herzbube.ch/blog/2016/08/how-hide-fabric-api-key-and-build-secret-open-source-project\nFABRIC_APIKEY_FILE=\"${SRCROOT}/fabric.apikey\"\nFABRIC_BUILDSECRET_FILE=\"${SRCROOT}/fabric.buildsecret\"\n\nFABRIC_APIKEY=$(cat \"$FABRIC_APIKEY_FILE\")\nFABRIC_BUILDSECRET=$(cat \"$FABRIC_BUILDSECRET_FILE\")\n\nif test \"$FABRIC_APIKEY\" -a \"$FABRIC_BUILDSECRET\"; then\n    echo \"Crashlytics - $FABRIC_APIKEY $FABRIC_BUILDSECRET\"\n    \"${PODS_ROOT}/Fabric/run\" \"$FABRIC_APIKEY\" \"$FABRIC_BUILDSECRET\"\nfi";
		};
		67FD84E11D6BF89D00BACAFC /* SwiftLint */ = {
			isa = PBXShellScriptBuildPhase;
			buildActionMask = 2147483647;
			files = (
			);
			inputPaths = (
			);
			name = SwiftLint;
			outputPaths = (
			);
			runOnlyForDeploymentPostprocessing = 0;
			shellPath = /bin/sh;
			shellScript = "if which swiftlint >/dev/null; then\nswiftlint\nelse\necho \"warning: SwiftLint not installed, download from https://github.com/realm/SwiftLint\"\nfi";
		};
		931F64A98B2233C424A110A8 /* [CP] Embed Pods Frameworks */ = {
			isa = PBXShellScriptBuildPhase;
			buildActionMask = 2147483647;
			files = (
			);
			inputPaths = (
			);
			name = "[CP] Embed Pods Frameworks";
			outputPaths = (
			);
			runOnlyForDeploymentPostprocessing = 0;
			shellPath = /bin/sh;
			shellScript = "\"${SRCROOT}/Pods/Target Support Files/Pods-Canillitapp/Pods-Canillitapp-frameworks.sh\"\n";
			showEnvVarsInLog = 0;
		};
		ACDDC73AB3F5EA8DC32646D3 /* [CP] Check Pods Manifest.lock */ = {
			isa = PBXShellScriptBuildPhase;
			buildActionMask = 2147483647;
			files = (
			);
			inputPaths = (
			);
			name = "[CP] Check Pods Manifest.lock";
			outputPaths = (
			);
			runOnlyForDeploymentPostprocessing = 0;
			shellPath = /bin/sh;
			shellScript = "diff \"${PODS_PODFILE_DIR_PATH}/Podfile.lock\" \"${PODS_ROOT}/Manifest.lock\" > /dev/null\nif [ $? != 0 ] ; then\n    # print error to STDERR\n    echo \"error: The sandbox is not in sync with the Podfile.lock. Run 'pod install' or update your CocoaPods installation.\" >&2\n    exit 1\nfi\n";
			showEnvVarsInLog = 0;
		};
		E97460B9DB6EF158305388DA /* [CP] Copy Pods Resources */ = {
			isa = PBXShellScriptBuildPhase;
			buildActionMask = 2147483647;
			files = (
			);
			inputPaths = (
			);
			name = "[CP] Copy Pods Resources";
			outputPaths = (
			);
			runOnlyForDeploymentPostprocessing = 0;
			shellPath = /bin/sh;
			shellScript = "\"${SRCROOT}/Pods/Target Support Files/Pods-Watch Extension/Pods-Watch Extension-resources.sh\"\n";
			showEnvVarsInLog = 0;
		};
/* End PBXShellScriptBuildPhase section */

/* Begin PBXSourcesBuildPhase section */
		6712660A1F4D08600005CF4B /* Sources */ = {
			isa = PBXSourcesBuildPhase;
			buildActionMask = 2147483647;
			files = (
				6712661D1F4D08C10005CF4B /* HeadlinesMockedUITests.swift in Sources */,
			);
			runOnlyForDeploymentPostprocessing = 0;
		};
		6719DA671D6D143E00D1E214 /* Sources */ = {
			isa = PBXSourcesBuildPhase;
			buildActionMask = 2147483647;
			files = (
				677AE3461D6E7D0E00CD710D /* NewsInterfaceController.swift in Sources */,
				6797F8B31EE4B38E00B8EAA5 /* Topic.swift in Sources */,
				67C3CD3D1D6D1876003CC04E /* TrendingInterfaceController.swift in Sources */,
				6719DA731D6D143E00D1E214 /* ExtensionDelegate.swift in Sources */,
				67C3CD3F1D6D1A68003CC04E /* TrendingRowController.swift in Sources */,
				6797F8AF1EE4B38E00B8EAA5 /* News.swift in Sources */,
				6797F8BD1EE4D17E00B8EAA5 /* MockService.swift in Sources */,
				677AE3481D6E7FE900CD710D /* NewsRowController.swift in Sources */,
				6797F8B11EE4B38E00B8EAA5 /* Reaction.swift in Sources */,
				6797F8B51EE4B38E00B8EAA5 /* HTTPService.swift in Sources */,
				6797F8AD1EE4B38E00B8EAA5 /* ConfigHelper.swift in Sources */,
				6797F8B71EE4B38E00B8EAA5 /* NewsService.swift in Sources */,
			);
			runOnlyForDeploymentPostprocessing = 0;
		};
		671DC36F1EE35FB3000CBAF0 /* Sources */ = {
			isa = PBXSourcesBuildPhase;
			buildActionMask = 2147483647;
			files = (
				671DC3761EE35FB3000CBAF0 /* SnapshotUITests.swift in Sources */,
				671DC37E1EE35FC3000CBAF0 /* SnapshotHelper.swift in Sources */,
			);
			runOnlyForDeploymentPostprocessing = 0;
		};
		675A81D81D6BF6E8000DC680 /* Sources */ = {
			isa = PBXSourcesBuildPhase;
			buildActionMask = 2147483647;
			files = (
				6798E8CF1D88F3390032D350 /* KeywordCollectionViewCell.swift in Sources */,
				67FD84DE1D6BF85D00BACAFC /* TrendingCardsViewController.swift in Sources */,
				670D2C7C1DDC09D000237C39 /* NewsTableViewCell.swift in Sources */,
				6757C3071F4BD8FF0007C17F /* NewsTableViewControllerDataSource.swift in Sources */,
				6797F8B61EE4B38E00B8EAA5 /* NewsService.swift in Sources */,
				6797F8B21EE4B38E00B8EAA5 /* Topic.swift in Sources */,
				6757C30A1F4BDA620007C17F /* RecentNewsDataSource.swift in Sources */,
				6797F8AC1EE4B38E00B8EAA5 /* ConfigHelper.swift in Sources */,
				67F39C1A1EB2DEE600CF99F2 /* SearchViewController.swift in Sources */,
				67CE08B11E9012F700D5911E /* NewsCellViewModel.swift in Sources */,
				675A81E01D6BF6E8000DC680 /* AppDelegate.swift in Sources */,
				6797F8B41EE4B38E00B8EAA5 /* HTTPService.swift in Sources */,
				670B793E1F4CE7F000C485A9 /* PopularNewsDataSource.swift in Sources */,
				67D434F31EB01827001A79D8 /* ReactionTableViewCell.swift in Sources */,
				6797F8BC1EE4D17E00B8EAA5 /* MockService.swift in Sources */,
				6797F8B01EE4B38E00B8EAA5 /* Reaction.swift in Sources */,
				674770251E99D28E003D5AF1 /* NewsTableViewController.swift in Sources */,
				6734EA611E99A97600493C86 /* ReactionsService.swift in Sources */,
				43CC643D1EBBE7E90066D49E /* OrientationAwareControllers.swift in Sources */,
				67E10AD01F6385FE009F017C /* FilterViewController.swift in Sources */,
				677392C31F6B42CE0076E8BB /* DynamicHeightCollectionView.swift in Sources */,
				67CE08B51E904F2000D5911E /* ReactionCollectionViewCell.swift in Sources */,
				671266091F4CEF980005CF4B /* InitialTabBarController.swift in Sources */,
				67D434F11EB0000C001A79D8 /* MyReactionsViewController.swift in Sources */,
				67302DD21F6DA7E500C0A01E /* UserSettingsManager.swift in Sources */,
				6797F8AE1EE4B38E00B8EAA5 /* News.swift in Sources */,
				67617F801F6CB2C200674320 /* DimPresentAnimationController.swift in Sources */,
				67E10AD21F6389C3009F017C /* FilterCollectionViewCell.swift in Sources */,
				67CE08B31E903B2D00D5911E /* ReactionPickerViewController.swift in Sources */,
			);
			runOnlyForDeploymentPostprocessing = 0;
		};
		675A81EE1D6BF6E8000DC680 /* Sources */ = {
			isa = PBXSourcesBuildPhase;
			buildActionMask = 2147483647;
			files = (
				43CC643E1EBBE7E90066D49E /* OrientationAwareControllers.swift in Sources */,
				670B79401F4CE8A100C485A9 /* PopularNewsDataSourceTests.swift in Sources */,
				6757C30C1F4BE0810007C17F /* RecentNewsDataSourceTests.swift in Sources */,
			);
			runOnlyForDeploymentPostprocessing = 0;
		};
		675A81F91D6BF6E8000DC680 /* Sources */ = {
			isa = PBXSourcesBuildPhase;
			buildActionMask = 2147483647;
			files = (
				43CC643F1EBBE7E90066D49E /* OrientationAwareControllers.swift in Sources */,
				675A82021D6BF6E8000DC680 /* HeadlinesUITests.swift in Sources */,
			);
			runOnlyForDeploymentPostprocessing = 0;
		};
/* End PBXSourcesBuildPhase section */

/* Begin PBXTargetDependency section */
		671266141F4D08610005CF4B /* PBXTargetDependency */ = {
			isa = PBXTargetDependency;
			target = 675A81DB1D6BF6E8000DC680 /* Canillitapp */;
			targetProxy = 671266131F4D08610005CF4B /* PBXContainerItemProxy */;
		};
		6719DA6E1D6D143E00D1E214 /* PBXTargetDependency */ = {
			isa = PBXTargetDependency;
			target = 6719DA6A1D6D143E00D1E214 /* Watch Extension */;
			targetProxy = 6719DA6D1D6D143E00D1E214 /* PBXContainerItemProxy */;
		};
		6719DA781D6D143E00D1E214 /* PBXTargetDependency */ = {
			isa = PBXTargetDependency;
			target = 6719DA5E1D6D143E00D1E214 /* Watch */;
			targetProxy = 6719DA771D6D143E00D1E214 /* PBXContainerItemProxy */;
		};
		671DC3791EE35FB3000CBAF0 /* PBXTargetDependency */ = {
			isa = PBXTargetDependency;
			target = 675A81DB1D6BF6E8000DC680 /* Canillitapp */;
			targetProxy = 671DC3781EE35FB3000CBAF0 /* PBXContainerItemProxy */;
		};
		675A81F41D6BF6E8000DC680 /* PBXTargetDependency */ = {
			isa = PBXTargetDependency;
			target = 675A81DB1D6BF6E8000DC680 /* Canillitapp */;
			targetProxy = 675A81F31D6BF6E8000DC680 /* PBXContainerItemProxy */;
		};
		675A81FF1D6BF6E8000DC680 /* PBXTargetDependency */ = {
			isa = PBXTargetDependency;
			target = 675A81DB1D6BF6E8000DC680 /* Canillitapp */;
			targetProxy = 675A81FE1D6BF6E8000DC680 /* PBXContainerItemProxy */;
		};
/* End PBXTargetDependency section */

/* Begin PBXVariantGroup section */
		671265FF1F4CEDB60005CF4B /* News.storyboard */ = {
			isa = PBXVariantGroup;
			children = (
				671266001F4CEDB60005CF4B /* Base */,
			);
			name = News.storyboard;
			sourceTree = "<group>";
		};
		671266021F4CEEBE0005CF4B /* MyReactions.storyboard */ = {
			isa = PBXVariantGroup;
			children = (
				671266031F4CEEBE0005CF4B /* Base */,
			);
			name = MyReactions.storyboard;
			sourceTree = "<group>";
		};
		671266051F4CEF0C0005CF4B /* Trending.storyboard */ = {
			isa = PBXVariantGroup;
			children = (
				671266061F4CEF0C0005CF4B /* Base */,
			);
			name = Trending.storyboard;
			sourceTree = "<group>";
		};
		6719DA611D6D143E00D1E214 /* Interface.storyboard */ = {
			isa = PBXVariantGroup;
			children = (
				6719DA621D6D143E00D1E214 /* Base */,
			);
			name = Interface.storyboard;
			sourceTree = "<group>";
		};
		675A81E51D6BF6E8000DC680 /* Main.storyboard */ = {
			isa = PBXVariantGroup;
			children = (
				675A81E61D6BF6E8000DC680 /* Base */,
			);
			name = Main.storyboard;
			sourceTree = "<group>";
		};
		675A81EA1D6BF6E8000DC680 /* LaunchScreen.storyboard */ = {
			isa = PBXVariantGroup;
			children = (
				675A81EB1D6BF6E8000DC680 /* Base */,
			);
			name = LaunchScreen.storyboard;
			sourceTree = "<group>";
		};
		678A17421F4A1D9F00D84793 /* Reactions.storyboard */ = {
			isa = PBXVariantGroup;
			children = (
				678A17431F4A1D9F00D84793 /* Base */,
			);
			name = Reactions.storyboard;
			sourceTree = "<group>";
		};
		67E10ACC1F637FAA009F017C /* Filter.storyboard */ = {
			isa = PBXVariantGroup;
			children = (
				67E10ACD1F637FAA009F017C /* Base */,
			);
			name = Filter.storyboard;
			sourceTree = "<group>";
		};
/* End PBXVariantGroup section */

/* Begin XCBuildConfiguration section */
		671266151F4D08610005CF4B /* Debug */ = {
			isa = XCBuildConfiguration;
			buildSettings = {
				CLANG_ANALYZER_NUMBER_OBJECT_CONVERSION = YES_AGGRESSIVE;
				CLANG_ENABLE_MODULES = YES;
				CLANG_WARN_DOCUMENTATION_COMMENTS = YES;
				DEVELOPMENT_TEAM = 2334RGUT2P;
				INFOPLIST_FILE = HeadlinesMockedUITests/Info.plist;
				IPHONEOS_DEPLOYMENT_TARGET = 10.3;
				LD_RUNPATH_SEARCH_PATHS = "$(inherited) @executable_path/Frameworks @loader_path/Frameworks";
				PRODUCT_BUNDLE_IDENTIFIER = ar.com.betzerra.HeadlinesMockedUITests;
				PRODUCT_NAME = "$(TARGET_NAME)";
				SWIFT_ACTIVE_COMPILATION_CONDITIONS = DEBUG;
				SWIFT_OBJC_BRIDGING_HEADER = "HeadlinesMockedUITests/HeadlinesMockedUITests-Bridging-Header.h";
				SWIFT_OPTIMIZATION_LEVEL = "-Onone";
				SWIFT_VERSION = 3.0;
				TEST_TARGET_NAME = Canillitapp;
			};
			name = Debug;
		};
		671266161F4D08610005CF4B /* Release */ = {
			isa = XCBuildConfiguration;
			buildSettings = {
				CLANG_ANALYZER_NUMBER_OBJECT_CONVERSION = YES_AGGRESSIVE;
				CLANG_ENABLE_MODULES = YES;
				CLANG_WARN_DOCUMENTATION_COMMENTS = YES;
				DEVELOPMENT_TEAM = 2334RGUT2P;
				INFOPLIST_FILE = HeadlinesMockedUITests/Info.plist;
				IPHONEOS_DEPLOYMENT_TARGET = 10.3;
				LD_RUNPATH_SEARCH_PATHS = "$(inherited) @executable_path/Frameworks @loader_path/Frameworks";
				PRODUCT_BUNDLE_IDENTIFIER = ar.com.betzerra.HeadlinesMockedUITests;
				PRODUCT_NAME = "$(TARGET_NAME)";
				SWIFT_OBJC_BRIDGING_HEADER = "HeadlinesMockedUITests/HeadlinesMockedUITests-Bridging-Header.h";
				SWIFT_VERSION = 3.0;
				TEST_TARGET_NAME = Canillitapp;
			};
			name = Release;
		};
		6719DA7A1D6D143E00D1E214 /* Debug */ = {
			isa = XCBuildConfiguration;
			buildSettings = {
				ASSETCATALOG_COMPILER_APPICON_NAME = AppIcon;
				CODE_SIGN_IDENTITY = "iPhone Developer";
				"CODE_SIGN_IDENTITY[sdk=watchos*]" = "iPhone Developer";
				CURRENT_PROJECT_VERSION = 11;
				DEVELOPMENT_TEAM = 2334RGUT2P;
				IBSC_MODULE = Watch_Extension;
				INFOPLIST_FILE = Watch/Info.plist;
				PRODUCT_BUNDLE_IDENTIFIER = ar.com.betzerra.headlines.watchkitapp;
				PRODUCT_NAME = "$(TARGET_NAME)";
				PROVISIONING_PROFILE = "";
				PROVISIONING_PROFILE_SPECIFIER = "";
				SDKROOT = watchos;
				SKIP_INSTALL = YES;
				TARGETED_DEVICE_FAMILY = 4;
				VERSIONING_SYSTEM = "apple-generic";
				WATCHOS_DEPLOYMENT_TARGET = 3.0;
			};
			name = Debug;
		};
		6719DA7B1D6D143E00D1E214 /* Release */ = {
			isa = XCBuildConfiguration;
			buildSettings = {
				ASSETCATALOG_COMPILER_APPICON_NAME = AppIcon;
				"CODE_SIGN_IDENTITY[sdk=watchos*]" = "iPhone Developer";
				CURRENT_PROJECT_VERSION = 11;
				DEVELOPMENT_TEAM = 2334RGUT2P;
				IBSC_MODULE = Watch_Extension;
				INFOPLIST_FILE = Watch/Info.plist;
				PRODUCT_BUNDLE_IDENTIFIER = ar.com.betzerra.headlines.watchkitapp;
				PRODUCT_NAME = "$(TARGET_NAME)";
				PROVISIONING_PROFILE = "";
				PROVISIONING_PROFILE_SPECIFIER = "";
				SDKROOT = watchos;
				SKIP_INSTALL = YES;
				TARGETED_DEVICE_FAMILY = 4;
				VERSIONING_SYSTEM = "apple-generic";
				WATCHOS_DEPLOYMENT_TARGET = 3.0;
			};
			name = Release;
		};
		6719DA7C1D6D143E00D1E214 /* Debug */ = {
			isa = XCBuildConfiguration;
			baseConfigurationReference = 0DF05652C0E59CFCA3F26160 /* Pods-Watch Extension.debug.xcconfig */;
			buildSettings = {
				CODE_SIGN_IDENTITY = "iPhone Developer";
				"CODE_SIGN_IDENTITY[sdk=watchos*]" = "iPhone Developer";
				CURRENT_PROJECT_VERSION = 11;
				DEVELOPMENT_TEAM = 2334RGUT2P;
				INFOPLIST_FILE = "Watch Extension/Info.plist";
				LD_RUNPATH_SEARCH_PATHS = "$(inherited) @executable_path/Frameworks @executable_path/../../Frameworks";
				PRODUCT_BUNDLE_IDENTIFIER = ar.com.betzerra.headlines.watchkitapp.watchkitextension;
				PRODUCT_NAME = "${TARGET_NAME}";
				PROVISIONING_PROFILE = "";
				PROVISIONING_PROFILE_SPECIFIER = "";
				SDKROOT = watchos;
				SKIP_INSTALL = YES;
				SWIFT_VERSION = 3.0;
				TARGETED_DEVICE_FAMILY = 4;
				VERSIONING_SYSTEM = "apple-generic";
				WATCHOS_DEPLOYMENT_TARGET = 3.0;
			};
			name = Debug;
		};
		6719DA7D1D6D143E00D1E214 /* Release */ = {
			isa = XCBuildConfiguration;
			baseConfigurationReference = 5EA3242399336F7A8DE27E42 /* Pods-Watch Extension.release.xcconfig */;
			buildSettings = {
				"CODE_SIGN_IDENTITY[sdk=watchos*]" = "iPhone Developer";
				CURRENT_PROJECT_VERSION = 11;
				DEVELOPMENT_TEAM = 2334RGUT2P;
				INFOPLIST_FILE = "Watch Extension/Info.plist";
				LD_RUNPATH_SEARCH_PATHS = "$(inherited) @executable_path/Frameworks @executable_path/../../Frameworks";
				PRODUCT_BUNDLE_IDENTIFIER = ar.com.betzerra.headlines.watchkitapp.watchkitextension;
				PRODUCT_NAME = "${TARGET_NAME}";
				PROVISIONING_PROFILE = "";
				PROVISIONING_PROFILE_SPECIFIER = "";
				SDKROOT = watchos;
				SKIP_INSTALL = YES;
				SWIFT_VERSION = 3.0;
				TARGETED_DEVICE_FAMILY = 4;
				VERSIONING_SYSTEM = "apple-generic";
				WATCHOS_DEPLOYMENT_TARGET = 3.0;
			};
			name = Release;
		};
		671DC37B1EE35FB3000CBAF0 /* Debug */ = {
			isa = XCBuildConfiguration;
			buildSettings = {
				CLANG_ANALYZER_NUMBER_OBJECT_CONVERSION = YES_AGGRESSIVE;
				CLANG_WARN_DOCUMENTATION_COMMENTS = YES;
				DEVELOPMENT_TEAM = 2334RGUT2P;
				INFOPLIST_FILE = SnapshotUITests/Info.plist;
				IPHONEOS_DEPLOYMENT_TARGET = 10.3;
				LD_RUNPATH_SEARCH_PATHS = "$(inherited) @executable_path/Frameworks @loader_path/Frameworks";
				PRODUCT_BUNDLE_IDENTIFIER = ar.com.betzerra.SnapshotUITests;
				PRODUCT_NAME = "$(TARGET_NAME)";
				SWIFT_ACTIVE_COMPILATION_CONDITIONS = DEBUG;
				SWIFT_VERSION = 3.0;
				TEST_TARGET_NAME = Canillitapp;
			};
			name = Debug;
		};
		671DC37C1EE35FB3000CBAF0 /* Release */ = {
			isa = XCBuildConfiguration;
			buildSettings = {
				CLANG_ANALYZER_NUMBER_OBJECT_CONVERSION = YES_AGGRESSIVE;
				CLANG_WARN_DOCUMENTATION_COMMENTS = YES;
				DEVELOPMENT_TEAM = 2334RGUT2P;
				INFOPLIST_FILE = SnapshotUITests/Info.plist;
				IPHONEOS_DEPLOYMENT_TARGET = 10.3;
				LD_RUNPATH_SEARCH_PATHS = "$(inherited) @executable_path/Frameworks @loader_path/Frameworks";
				PRODUCT_BUNDLE_IDENTIFIER = ar.com.betzerra.SnapshotUITests;
				PRODUCT_NAME = "$(TARGET_NAME)";
				SWIFT_VERSION = 3.0;
				TEST_TARGET_NAME = Canillitapp;
			};
			name = Release;
		};
		675A82041D6BF6E8000DC680 /* Debug */ = {
			isa = XCBuildConfiguration;
			buildSettings = {
				ALWAYS_SEARCH_USER_PATHS = NO;
				CLANG_ANALYZER_NONNULL = YES;
				CLANG_CXX_LANGUAGE_STANDARD = "gnu++0x";
				CLANG_CXX_LIBRARY = "libc++";
				CLANG_ENABLE_MODULES = YES;
				CLANG_ENABLE_OBJC_ARC = YES;
				CLANG_WARN_BOOL_CONVERSION = YES;
				CLANG_WARN_CONSTANT_CONVERSION = YES;
				CLANG_WARN_DIRECT_OBJC_ISA_USAGE = YES_ERROR;
				CLANG_WARN_EMPTY_BODY = YES;
				CLANG_WARN_ENUM_CONVERSION = YES;
				CLANG_WARN_INFINITE_RECURSION = YES;
				CLANG_WARN_INT_CONVERSION = YES;
				CLANG_WARN_OBJC_ROOT_CLASS = YES_ERROR;
				CLANG_WARN_SUSPICIOUS_MOVE = YES;
				CLANG_WARN_UNREACHABLE_CODE = YES;
				CLANG_WARN__DUPLICATE_METHOD_MATCH = YES;
				"CODE_SIGN_IDENTITY[sdk=iphoneos*]" = "iPhone Developer";
				COPY_PHASE_STRIP = NO;
				DEBUG_INFORMATION_FORMAT = dwarf;
				ENABLE_STRICT_OBJC_MSGSEND = YES;
				ENABLE_TESTABILITY = YES;
				GCC_C_LANGUAGE_STANDARD = gnu99;
				GCC_DYNAMIC_NO_PIC = NO;
				GCC_NO_COMMON_BLOCKS = YES;
				GCC_OPTIMIZATION_LEVEL = 0;
				GCC_PREPROCESSOR_DEFINITIONS = (
					"DEBUG=1",
					"$(inherited)",
				);
				GCC_WARN_64_TO_32_BIT_CONVERSION = YES;
				GCC_WARN_ABOUT_RETURN_TYPE = YES_ERROR;
				GCC_WARN_UNDECLARED_SELECTOR = YES;
				GCC_WARN_UNINITIALIZED_AUTOS = YES_AGGRESSIVE;
				GCC_WARN_UNUSED_FUNCTION = YES;
				GCC_WARN_UNUSED_VARIABLE = YES;
				IPHONEOS_DEPLOYMENT_TARGET = 10.0;
				MTL_ENABLE_DEBUG_INFO = YES;
				ONLY_ACTIVE_ARCH = YES;
				SDKROOT = iphoneos;
				SWIFT_OPTIMIZATION_LEVEL = "-Onone";
			};
			name = Debug;
		};
		675A82051D6BF6E8000DC680 /* Release */ = {
			isa = XCBuildConfiguration;
			buildSettings = {
				ALWAYS_SEARCH_USER_PATHS = NO;
				CLANG_ANALYZER_NONNULL = YES;
				CLANG_CXX_LANGUAGE_STANDARD = "gnu++0x";
				CLANG_CXX_LIBRARY = "libc++";
				CLANG_ENABLE_MODULES = YES;
				CLANG_ENABLE_OBJC_ARC = YES;
				CLANG_WARN_BOOL_CONVERSION = YES;
				CLANG_WARN_CONSTANT_CONVERSION = YES;
				CLANG_WARN_DIRECT_OBJC_ISA_USAGE = YES_ERROR;
				CLANG_WARN_EMPTY_BODY = YES;
				CLANG_WARN_ENUM_CONVERSION = YES;
				CLANG_WARN_INFINITE_RECURSION = YES;
				CLANG_WARN_INT_CONVERSION = YES;
				CLANG_WARN_OBJC_ROOT_CLASS = YES_ERROR;
				CLANG_WARN_SUSPICIOUS_MOVE = YES;
				CLANG_WARN_UNREACHABLE_CODE = YES;
				CLANG_WARN__DUPLICATE_METHOD_MATCH = YES;
				"CODE_SIGN_IDENTITY[sdk=iphoneos*]" = "iPhone Developer";
				COPY_PHASE_STRIP = NO;
				DEBUG_INFORMATION_FORMAT = "dwarf-with-dsym";
				ENABLE_NS_ASSERTIONS = NO;
				ENABLE_STRICT_OBJC_MSGSEND = YES;
				GCC_C_LANGUAGE_STANDARD = gnu99;
				GCC_NO_COMMON_BLOCKS = YES;
				GCC_WARN_64_TO_32_BIT_CONVERSION = YES;
				GCC_WARN_ABOUT_RETURN_TYPE = YES_ERROR;
				GCC_WARN_UNDECLARED_SELECTOR = YES;
				GCC_WARN_UNINITIALIZED_AUTOS = YES_AGGRESSIVE;
				GCC_WARN_UNUSED_FUNCTION = YES;
				GCC_WARN_UNUSED_VARIABLE = YES;
				IPHONEOS_DEPLOYMENT_TARGET = 10.0;
				MTL_ENABLE_DEBUG_INFO = NO;
				SDKROOT = iphoneos;
				SWIFT_OPTIMIZATION_LEVEL = "-Owholemodule";
				VALIDATE_PRODUCT = YES;
			};
			name = Release;
		};
		675A82071D6BF6E8000DC680 /* Debug */ = {
			isa = XCBuildConfiguration;
			baseConfigurationReference = BF6FCFB06FB814847D111266 /* Pods-Canillitapp.debug.xcconfig */;
			buildSettings = {
				ASSETCATALOG_COMPILER_APPICON_NAME = AppIcon;
				CODE_SIGN_ENTITLEMENTS = Headlines/Headlines.entitlements;
				CODE_SIGN_IDENTITY = "iPhone Developer";
				"CODE_SIGN_IDENTITY[sdk=iphoneos*]" = "iPhone Developer";
				CURRENT_PROJECT_VERSION = 11;
				DEVELOPMENT_TEAM = 2334RGUT2P;
				INFOPLIST_FILE = Headlines/Info.plist;
				IPHONEOS_DEPLOYMENT_TARGET = 10.0;
				LD_RUNPATH_SEARCH_PATHS = "$(inherited) @executable_path/Frameworks";
				PRODUCT_BUNDLE_IDENTIFIER = ar.com.betzerra.headlines;
				PRODUCT_NAME = "$(TARGET_NAME)";
				PROVISIONING_PROFILE = "";
				PROVISIONING_PROFILE_SPECIFIER = "";
				SWIFT_VERSION = 3.0;
				TARGETED_DEVICE_FAMILY = "1,2";
				VERSIONING_SYSTEM = "apple-generic";
			};
			name = Debug;
		};
		675A82081D6BF6E8000DC680 /* Release */ = {
			isa = XCBuildConfiguration;
			baseConfigurationReference = D92054C908EB67709F7A5EC5 /* Pods-Canillitapp.release.xcconfig */;
			buildSettings = {
				ASSETCATALOG_COMPILER_APPICON_NAME = AppIcon;
				CODE_SIGN_ENTITLEMENTS = Headlines/Headlines.entitlements;
				CODE_SIGN_IDENTITY = "iPhone Developer";
				"CODE_SIGN_IDENTITY[sdk=iphoneos*]" = "iPhone Developer";
				CURRENT_PROJECT_VERSION = 11;
				DEVELOPMENT_TEAM = 2334RGUT2P;
				INFOPLIST_FILE = Headlines/Info.plist;
				IPHONEOS_DEPLOYMENT_TARGET = 10.0;
				LD_RUNPATH_SEARCH_PATHS = "$(inherited) @executable_path/Frameworks";
				PRODUCT_BUNDLE_IDENTIFIER = ar.com.betzerra.headlines;
				PRODUCT_NAME = "$(TARGET_NAME)";
				PROVISIONING_PROFILE = "";
				PROVISIONING_PROFILE_SPECIFIER = "";
				SWIFT_VERSION = 3.0;
				TARGETED_DEVICE_FAMILY = "1,2";
				VERSIONING_SYSTEM = "apple-generic";
			};
			name = Release;
		};
		675A820A1D6BF6E8000DC680 /* Debug */ = {
			isa = XCBuildConfiguration;
			buildSettings = {
				BUNDLE_LOADER = "$(TEST_HOST)";
				DEVELOPMENT_TEAM = 2334RGUT2P;
				INFOPLIST_FILE = HeadlinesTests/Info.plist;
				LD_RUNPATH_SEARCH_PATHS = "$(inherited) @executable_path/Frameworks @loader_path/Frameworks";
				PRODUCT_BUNDLE_IDENTIFIER = ar.com.betzerra.HeadlinesTests;
				PRODUCT_NAME = "$(TARGET_NAME)";
				SWIFT_VERSION = 3.0;
				TEST_HOST = "$(BUILT_PRODUCTS_DIR)/Canillitapp.app/Canillitapp";
			};
			name = Debug;
		};
		675A820B1D6BF6E8000DC680 /* Release */ = {
			isa = XCBuildConfiguration;
			buildSettings = {
				BUNDLE_LOADER = "$(TEST_HOST)";
				DEVELOPMENT_TEAM = 2334RGUT2P;
				INFOPLIST_FILE = HeadlinesTests/Info.plist;
				LD_RUNPATH_SEARCH_PATHS = "$(inherited) @executable_path/Frameworks @loader_path/Frameworks";
				PRODUCT_BUNDLE_IDENTIFIER = ar.com.betzerra.HeadlinesTests;
				PRODUCT_NAME = "$(TARGET_NAME)";
				SWIFT_VERSION = 3.0;
				TEST_HOST = "$(BUILT_PRODUCTS_DIR)/Canillitapp.app/Canillitapp";
			};
			name = Release;
		};
		675A820D1D6BF6E8000DC680 /* Debug */ = {
			isa = XCBuildConfiguration;
			buildSettings = {
				"CODE_SIGN_IDENTITY[sdk=iphoneos*]" = "iPhone Developer";
				DEVELOPMENT_TEAM = 2334RGUT2P;
				INFOPLIST_FILE = HeadlinesUITests/Info.plist;
				LD_RUNPATH_SEARCH_PATHS = "$(inherited) @executable_path/Frameworks @loader_path/Frameworks";
				PRODUCT_BUNDLE_IDENTIFIER = ar.com.betzerra.HeadlinesUITests;
				PRODUCT_NAME = "$(TARGET_NAME)";
				PROVISIONING_PROFILE = "";
				PROVISIONING_PROFILE_SPECIFIER = "";
				SWIFT_VERSION = 3.0;
				TEST_TARGET_NAME = Canillitapp;
			};
			name = Debug;
		};
		675A820E1D6BF6E8000DC680 /* Release */ = {
			isa = XCBuildConfiguration;
			buildSettings = {
				"CODE_SIGN_IDENTITY[sdk=iphoneos*]" = "iPhone Developer";
				DEVELOPMENT_TEAM = 2334RGUT2P;
				INFOPLIST_FILE = HeadlinesUITests/Info.plist;
				LD_RUNPATH_SEARCH_PATHS = "$(inherited) @executable_path/Frameworks @loader_path/Frameworks";
				PRODUCT_BUNDLE_IDENTIFIER = ar.com.betzerra.HeadlinesUITests;
				PRODUCT_NAME = "$(TARGET_NAME)";
				PROVISIONING_PROFILE = "";
				PROVISIONING_PROFILE_SPECIFIER = "";
				SWIFT_VERSION = 3.0;
				TEST_TARGET_NAME = Canillitapp;
			};
			name = Release;
		};
/* End XCBuildConfiguration section */

/* Begin XCConfigurationList section */
		671266171F4D08610005CF4B /* Build configuration list for PBXNativeTarget "HeadlinesMockedUITests" */ = {
			isa = XCConfigurationList;
			buildConfigurations = (
				671266151F4D08610005CF4B /* Debug */,
				671266161F4D08610005CF4B /* Release */,
			);
			defaultConfigurationIsVisible = 0;
			defaultConfigurationName = Release;
		};
		6719DA7E1D6D143E00D1E214 /* Build configuration list for PBXNativeTarget "Watch Extension" */ = {
			isa = XCConfigurationList;
			buildConfigurations = (
				6719DA7C1D6D143E00D1E214 /* Debug */,
				6719DA7D1D6D143E00D1E214 /* Release */,
			);
			defaultConfigurationIsVisible = 0;
			defaultConfigurationName = Release;
		};
		6719DA801D6D143E00D1E214 /* Build configuration list for PBXNativeTarget "Watch" */ = {
			isa = XCConfigurationList;
			buildConfigurations = (
				6719DA7A1D6D143E00D1E214 /* Debug */,
				6719DA7B1D6D143E00D1E214 /* Release */,
			);
			defaultConfigurationIsVisible = 0;
			defaultConfigurationName = Release;
		};
		671DC37A1EE35FB3000CBAF0 /* Build configuration list for PBXNativeTarget "SnapshotUITests" */ = {
			isa = XCConfigurationList;
			buildConfigurations = (
				671DC37B1EE35FB3000CBAF0 /* Debug */,
				671DC37C1EE35FB3000CBAF0 /* Release */,
			);
			defaultConfigurationIsVisible = 0;
			defaultConfigurationName = Release;
		};
		675A81D71D6BF6E8000DC680 /* Build configuration list for PBXProject "Headlines" */ = {
			isa = XCConfigurationList;
			buildConfigurations = (
				675A82041D6BF6E8000DC680 /* Debug */,
				675A82051D6BF6E8000DC680 /* Release */,
			);
			defaultConfigurationIsVisible = 0;
			defaultConfigurationName = Release;
		};
		675A82061D6BF6E8000DC680 /* Build configuration list for PBXNativeTarget "Canillitapp" */ = {
			isa = XCConfigurationList;
			buildConfigurations = (
				675A82071D6BF6E8000DC680 /* Debug */,
				675A82081D6BF6E8000DC680 /* Release */,
			);
			defaultConfigurationIsVisible = 0;
			defaultConfigurationName = Release;
		};
		675A82091D6BF6E8000DC680 /* Build configuration list for PBXNativeTarget "HeadlinesTests" */ = {
			isa = XCConfigurationList;
			buildConfigurations = (
				675A820A1D6BF6E8000DC680 /* Debug */,
				675A820B1D6BF6E8000DC680 /* Release */,
			);
			defaultConfigurationIsVisible = 0;
			defaultConfigurationName = Release;
		};
		675A820C1D6BF6E8000DC680 /* Build configuration list for PBXNativeTarget "HeadlinesUITests" */ = {
			isa = XCConfigurationList;
			buildConfigurations = (
				675A820D1D6BF6E8000DC680 /* Debug */,
				675A820E1D6BF6E8000DC680 /* Release */,
			);
			defaultConfigurationIsVisible = 0;
			defaultConfigurationName = Release;
		};
/* End XCConfigurationList section */
	};
	rootObject = 675A81D41D6BF6E8000DC680 /* Project object */;
}
