{
  "object": {
    "pins": [
      {
        "package": "SDWebImage",
        "repositoryURL": "https://github.com/SDWebImage/SDWebImage.git",
        "state": {
          "branch": null,
          "revision": "8ffbe8b8c1348ae49565d3558eb6fc808abf7abd",
          "version": "5.1.1"
        }
      }
    ]
  },
  "version": 1
}
